// !$*UTF8*$!
{
	archiveVersion = 1;
	classes = {
	};
	objectVersion = 46;
	objects = {

/* Begin PBXBuildFile section */
		5A4349E9754D6FA14C0F2A3A /* tinyxmlparser.cpp in Sources */ = {isa = PBXBuildFile; fileRef = FC5DA1C87211D4F6377DA719 /* tinyxmlparser.cpp */; };
		63B57AC5BF4EF088491E0317 /* ofxXmlSettings.cpp in Sources */ = {isa = PBXBuildFile; fileRef = 50DF87D612C5AAE17AAFA6C0 /* ofxXmlSettings.cpp */; };
		8BCF02B826253856D7DCF4D1 /* ofxDmx.cpp in Sources */ = {isa = PBXBuildFile; fileRef = 435636905F1CDAC0B05976DD /* ofxDmx.cpp */; };
		933A2227713C720CEFF80FD9 /* tinyxml.cpp in Sources */ = {isa = PBXBuildFile; fileRef = 2B40EDA85BEB63E46785BC29 /* tinyxml.cpp */; };
		9D44DC88EF9E7991B4A09951 /* tinyxmlerror.cpp in Sources */ = {isa = PBXBuildFile; fileRef = 832BDC407620CDBA568B713D /* tinyxmlerror.cpp */; };
		BBAB23CB13894F3D00AA2426 /* GLUT.framework in CopyFiles */ = {isa = PBXBuildFile; fileRef = BBAB23BE13894E4700AA2426 /* GLUT.framework */; };
		E4328149138ABC9F0047C5CB /* openFrameworksDebug.a in Frameworks */ = {isa = PBXBuildFile; fileRef = E4328148138ABC890047C5CB /* openFrameworksDebug.a */; };
		E45BE97B0E8CC7DD009D7055 /* AGL.framework in Frameworks */ = {isa = PBXBuildFile; fileRef = E45BE9710E8CC7DD009D7055 /* AGL.framework */; };
		E45BE97C0E8CC7DD009D7055 /* ApplicationServices.framework in Frameworks */ = {isa = PBXBuildFile; fileRef = E45BE9720E8CC7DD009D7055 /* ApplicationServices.framework */; };
		E45BE97D0E8CC7DD009D7055 /* AudioToolbox.framework in Frameworks */ = {isa = PBXBuildFile; fileRef = E45BE9730E8CC7DD009D7055 /* AudioToolbox.framework */; };
		E45BE97E0E8CC7DD009D7055 /* Carbon.framework in Frameworks */ = {isa = PBXBuildFile; fileRef = E45BE9740E8CC7DD009D7055 /* Carbon.framework */; };
		E45BE97F0E8CC7DD009D7055 /* CoreAudio.framework in Frameworks */ = {isa = PBXBuildFile; fileRef = E45BE9750E8CC7DD009D7055 /* CoreAudio.framework */; };
		E45BE9800E8CC7DD009D7055 /* CoreFoundation.framework in Frameworks */ = {isa = PBXBuildFile; fileRef = E45BE9760E8CC7DD009D7055 /* CoreFoundation.framework */; };
		E45BE9810E8CC7DD009D7055 /* CoreServices.framework in Frameworks */ = {isa = PBXBuildFile; fileRef = E45BE9770E8CC7DD009D7055 /* CoreServices.framework */; };
		E45BE9830E8CC7DD009D7055 /* OpenGL.framework in Frameworks */ = {isa = PBXBuildFile; fileRef = E45BE9790E8CC7DD009D7055 /* OpenGL.framework */; };
		E45BE9840E8CC7DD009D7055 /* QuickTime.framework in Frameworks */ = {isa = PBXBuildFile; fileRef = E45BE97A0E8CC7DD009D7055 /* QuickTime.framework */; };
		E4B69E200A3A1BDC003C02F2 /* main.cpp in Sources */ = {isa = PBXBuildFile; fileRef = E4B69E1D0A3A1BDC003C02F2 /* main.cpp */; };
		E4B69E210A3A1BDC003C02F2 /* testApp.cpp in Sources */ = {isa = PBXBuildFile; fileRef = E4B69E1E0A3A1BDC003C02F2 /* testApp.cpp */; };
		E4C2424710CC5A17004149E2 /* AppKit.framework in Frameworks */ = {isa = PBXBuildFile; fileRef = E4C2424410CC5A17004149E2 /* AppKit.framework */; };
		E4C2424810CC5A17004149E2 /* Cocoa.framework in Frameworks */ = {isa = PBXBuildFile; fileRef = E4C2424510CC5A17004149E2 /* Cocoa.framework */; };
		E4C2424910CC5A17004149E2 /* IOKit.framework in Frameworks */ = {isa = PBXBuildFile; fileRef = E4C2424610CC5A17004149E2 /* IOKit.framework */; };
		E4EB6799138ADC1D00A09F29 /* GLUT.framework in Frameworks */ = {isa = PBXBuildFile; fileRef = BBAB23BE13894E4700AA2426 /* GLUT.framework */; };
		E70F48BB180FEB7C000E312C /* InspectorGui.cpp in Sources */ = {isa = PBXBuildFile; fileRef = E70F48B9180FEB7C000E312C /* InspectorGui.cpp */; };
		E70F48BE180FEBDF000E312C /* LiveGui.cpp in Sources */ = {isa = PBXBuildFile; fileRef = E70F48BC180FEBDF000E312C /* LiveGui.cpp */; };
		E70F48C718101610000E312C /* ConfigGui.cpp in Sources */ = {isa = PBXBuildFile; fileRef = E70F48C518101610000E312C /* ConfigGui.cpp */; };
		E70F48CB181020CB000E312C /* DataManager.cpp in Sources */ = {isa = PBXBuildFile; fileRef = E70F48C9181020CB000E312C /* DataManager.cpp */; };
		E70F494718117962000E312C /* ofxModifierKeys_impl_linux.cpp in Sources */ = {isa = PBXBuildFile; fileRef = E70F494118117962000E312C /* ofxModifierKeys_impl_linux.cpp */; };
		E70F494818117962000E312C /* ofxModifierKeys_impl_mac.mm in Sources */ = {isa = PBXBuildFile; fileRef = E70F494218117962000E312C /* ofxModifierKeys_impl_mac.mm */; };
		E70F494918117962000E312C /* ofxModifierKeys_impl_win.cpp in Sources */ = {isa = PBXBuildFile; fileRef = E70F494318117962000E312C /* ofxModifierKeys_impl_win.cpp */; };
		E70F499218152BF7000E312C /* ofxEasing.cpp in Sources */ = {isa = PBXBuildFile; fileRef = E70F497218152BBC000E312C /* ofxEasing.cpp */; };
		E70F499318152BF7000E312C /* ofxEasing.h in Sources */ = {isa = PBXBuildFile; fileRef = E70F497318152BBC000E312C /* ofxEasing.h */; };
		E70F499418152BF7000E312C /* ofxEasingBack.cpp in Sources */ = {isa = PBXBuildFile; fileRef = E70F497418152BBC000E312C /* ofxEasingBack.cpp */; };
		E70F499518152BF7000E312C /* ofxEasingBack.h in Sources */ = {isa = PBXBuildFile; fileRef = E70F497518152BBC000E312C /* ofxEasingBack.h */; };
		E70F499618152BF7000E312C /* ofxEasingBounce.cpp in Sources */ = {isa = PBXBuildFile; fileRef = E70F497618152BBC000E312C /* ofxEasingBounce.cpp */; };
		E70F499718152BF7000E312C /* ofxEasingBounce.h in Sources */ = {isa = PBXBuildFile; fileRef = E70F497718152BBC000E312C /* ofxEasingBounce.h */; };
		E70F499818152BF7000E312C /* ofxEasingCirc.cpp in Sources */ = {isa = PBXBuildFile; fileRef = E70F497818152BBC000E312C /* ofxEasingCirc.cpp */; };
		E70F499918152BF7000E312C /* ofxEasingCirc.h in Sources */ = {isa = PBXBuildFile; fileRef = E70F497918152BBC000E312C /* ofxEasingCirc.h */; };
		E70F499A18152BF7000E312C /* ofxEasingCubic.cpp in Sources */ = {isa = PBXBuildFile; fileRef = E70F497A18152BBC000E312C /* ofxEasingCubic.cpp */; };
		E70F499B18152BF7000E312C /* ofxEasingCubic.h in Sources */ = {isa = PBXBuildFile; fileRef = E70F497B18152BBC000E312C /* ofxEasingCubic.h */; };
		E70F499C18152BF7000E312C /* ofxEasingElastic.cpp in Sources */ = {isa = PBXBuildFile; fileRef = E70F497C18152BBC000E312C /* ofxEasingElastic.cpp */; };
		E70F499D18152BF7000E312C /* ofxEasingElastic.h in Sources */ = {isa = PBXBuildFile; fileRef = E70F497D18152BBC000E312C /* ofxEasingElastic.h */; };
		E70F499E18152BF7000E312C /* ofxEasingExpo.cpp in Sources */ = {isa = PBXBuildFile; fileRef = E70F497E18152BBC000E312C /* ofxEasingExpo.cpp */; };
		E70F499F18152BF7000E312C /* ofxEasingExpo.h in Sources */ = {isa = PBXBuildFile; fileRef = E70F497F18152BBC000E312C /* ofxEasingExpo.h */; };
		E70F49A018152BF7000E312C /* ofxEasingLinear.cpp in Sources */ = {isa = PBXBuildFile; fileRef = E70F498018152BBC000E312C /* ofxEasingLinear.cpp */; };
		E70F49A118152BF7000E312C /* ofxEasingLinear.h in Sources */ = {isa = PBXBuildFile; fileRef = E70F498118152BBC000E312C /* ofxEasingLinear.h */; };
		E70F49A218152BF7000E312C /* ofxEasingQuad.cpp in Sources */ = {isa = PBXBuildFile; fileRef = E70F498218152BBC000E312C /* ofxEasingQuad.cpp */; };
		E70F49A318152BF7000E312C /* ofxEasingQuad.h in Sources */ = {isa = PBXBuildFile; fileRef = E70F498318152BBC000E312C /* ofxEasingQuad.h */; };
		E70F49A418152BF7000E312C /* ofxEasingQuart.cpp in Sources */ = {isa = PBXBuildFile; fileRef = E70F498418152BBC000E312C /* ofxEasingQuart.cpp */; };
		E70F49A518152BF7000E312C /* ofxEasingQuart.h in Sources */ = {isa = PBXBuildFile; fileRef = E70F498518152BBC000E312C /* ofxEasingQuart.h */; };
		E70F49A618152BF7000E312C /* ofxEasingQuint.cpp in Sources */ = {isa = PBXBuildFile; fileRef = E70F498618152BBC000E312C /* ofxEasingQuint.cpp */; };
		E70F49A718152BF7000E312C /* ofxEasingQuint.h in Sources */ = {isa = PBXBuildFile; fileRef = E70F498718152BBC000E312C /* ofxEasingQuint.h */; };
		E70F49A818152BF7000E312C /* ofxEasingSine.cpp in Sources */ = {isa = PBXBuildFile; fileRef = E70F498818152BBC000E312C /* ofxEasingSine.cpp */; };
		E70F49A918152BF7000E312C /* ofxEasingSine.h in Sources */ = {isa = PBXBuildFile; fileRef = E70F498918152BBC000E312C /* ofxEasingSine.h */; };
		E70F49AA18152BF7000E312C /* ofxTween.cpp in Sources */ = {isa = PBXBuildFile; fileRef = E70F498A18152BBC000E312C /* ofxTween.cpp */; };
		E70F49AB18152BF7000E312C /* ofxTween.h in Sources */ = {isa = PBXBuildFile; fileRef = E70F498B18152BBC000E312C /* ofxTween.h */; };
		E70F49B2181556FA000E312C /* AnimationDataObject.cpp in Sources */ = {isa = PBXBuildFile; fileRef = E70F49B0181556FA000E312C /* AnimationDataObject.cpp */; };
		E70F49B518155C2B000E312C /* AnimationDataManager.cpp in Sources */ = {isa = PBXBuildFile; fileRef = E70F49B318155C2B000E312C /* AnimationDataManager.cpp */; };
		E70F49B818156111000E312C /* EditorGui.cpp in Sources */ = {isa = PBXBuildFile; fileRef = E70F49B618156111000E312C /* EditorGui.cpp */; };
		E72E5ABA18362F74006324DE /* AlertManager.cpp in Sources */ = {isa = PBXBuildFile; fileRef = E72E5AB818362F74006324DE /* AlertManager.cpp */; };
		E72E5ABD18362F7F006324DE /* Alert.cpp in Sources */ = {isa = PBXBuildFile; fileRef = E72E5ABB18362F7F006324DE /* Alert.cpp */; };
		E72E5AC2183631F4006324DE /* ofxTimer.cpp in Sources */ = {isa = PBXBuildFile; fileRef = E72E5AC0183631F4006324DE /* ofxTimer.cpp */; };
		E72E5AC518365EF1006324DE /* ColorDataObject.cpp in Sources */ = {isa = PBXBuildFile; fileRef = E72E5AC318365EF1006324DE /* ColorDataObject.cpp */; };
		E747B4CD1834D41F00AFCAB8 /* ofxHttpUtils.cpp in Sources */ = {isa = PBXBuildFile; fileRef = E747B4C31834D41F00AFCAB8 /* ofxHttpUtils.cpp */; };
		E7520EF6182AB4C1002BA931 /* icon.icns in Resources */ = {isa = PBXBuildFile; fileRef = E7520EF3182AAF4A002BA931 /* icon.icns */; };
		E75AD45418294F200023EC25 /* EffectsManager.cpp in Sources */ = {isa = PBXBuildFile; fileRef = E75AD45218294F200023EC25 /* EffectsManager.cpp */; };
		E75AD45718294FB70023EC25 /* AbstractEffect.cpp in Sources */ = {isa = PBXBuildFile; fileRef = E75AD45518294FB70023EC25 /* AbstractEffect.cpp */; };
		E75AD45A1829504A0023EC25 /* EffectStrob.cpp in Sources */ = {isa = PBXBuildFile; fileRef = E75AD4581829504A0023EC25 /* EffectStrob.cpp */; };
		E76834FE180E921F00709A0A /* GuiManager.cpp in Sources */ = {isa = PBXBuildFile; fileRef = E76834FC180E921F00709A0A /* GuiManager.cpp */; };
		E768351E180E96D500709A0A /* fft.cpp in Sources */ = {isa = PBXBuildFile; fileRef = E7683515180E95B900709A0A /* fft.cpp */; };
		E768351F180E96D500709A0A /* fft.h in Sources */ = {isa = PBXBuildFile; fileRef = E7683516180E95B900709A0A /* fft.h */; };
		E7683520180E96D500709A0A /* fftOctaveAnalyzer.cpp in Sources */ = {isa = PBXBuildFile; fileRef = E7683517180E95B900709A0A /* fftOctaveAnalyzer.cpp */; };
		E7683521180E96D500709A0A /* fftOctaveAnalyzer.h in Sources */ = {isa = PBXBuildFile; fileRef = E7683518180E95B900709A0A /* fftOctaveAnalyzer.h */; };
		E7683522180E96D500709A0A /* ofxEQ.cpp in Sources */ = {isa = PBXBuildFile; fileRef = E768351A180E95B900709A0A /* ofxEQ.cpp */; };
		E7683523180E96D500709A0A /* ofxEQ.h in Sources */ = {isa = PBXBuildFile; fileRef = E768351B180E95B900709A0A /* ofxEQ.h */; };
		E7683524180E96D500709A0A /* ofxSoundManager.cpp in Sources */ = {isa = PBXBuildFile; fileRef = E768351C180E95B900709A0A /* ofxSoundManager.cpp */; };
		E7683525180E96D500709A0A /* ofxSoundManager.h in Sources */ = {isa = PBXBuildFile; fileRef = E768351D180E95B900709A0A /* ofxSoundManager.h */; };
		E7683528180E976700709A0A /* Globals.cpp in Sources */ = {isa = PBXBuildFile; fileRef = E7683526180E976700709A0A /* Globals.cpp */; };
		E783F3AE1815736400CFF43E /* EditorInspectorGui.cpp in Sources */ = {isa = PBXBuildFile; fileRef = E783F3AC1815736400CFF43E /* EditorInspectorGui.cpp */; };
		E791E7B3182A46D5006EA408 /* EffectSoundReactive.cpp in Sources */ = {isa = PBXBuildFile; fileRef = E791E7B1182A46D5006EA408 /* EffectSoundReactive.cpp */; };
		E7AF153F1846274F00B23751 /* AutomaticMode.cpp in Sources */ = {isa = PBXBuildFile; fileRef = E7AF153D1846274F00B23751 /* AutomaticMode.cpp */; };
		E7CD0A951822C08000640551 /* ColorManager.cpp in Sources */ = {isa = PBXBuildFile; fileRef = E7CD0A931822C08000640551 /* ColorManager.cpp */; };
		E7D7E318182908220051A235 /* DMXManager.cpp in Sources */ = {isa = PBXBuildFile; fileRef = E7D7E316182908220051A235 /* DMXManager.cpp */; };
		E7DCC7AE18367C7A00FD209E /* ColorPickerGui.cpp in Sources */ = {isa = PBXBuildFile; fileRef = E7DCC7AC18367C7A00FD209E /* ColorPickerGui.cpp */; };
		E7DCC7B3183A7F6900FD209E /* TweenableColor.cpp in Sources */ = {isa = PBXBuildFile; fileRef = E7DCC7B1183A7F6900FD209E /* TweenableColor.cpp */; };
		E7E077E515D3B63C0020DFD4 /* CoreVideo.framework in Frameworks */ = {isa = PBXBuildFile; fileRef = E7E077E415D3B63C0020DFD4 /* CoreVideo.framework */; };
		E7E077E815D3B6510020DFD4 /* QTKit.framework in Frameworks */ = {isa = PBXBuildFile; fileRef = E7E077E715D3B6510020DFD4 /* QTKit.framework */; };
		E7E46D01180ECA1A00220F7C /* Scene.cpp in Sources */ = {isa = PBXBuildFile; fileRef = E7E46CFF180ECA1A00220F7C /* Scene.cpp */; };
		E7E46D04180ECB3500220F7C /* SceneObject.cpp in Sources */ = {isa = PBXBuildFile; fileRef = E7E46D02180ECB3500220F7C /* SceneObject.cpp */; };
		E7E46D07180ECC5A00220F7C /* GridObject.cpp in Sources */ = {isa = PBXBuildFile; fileRef = E7E46D05180ECC5900220F7C /* GridObject.cpp */; };
		E7E46D0A180ED24400220F7C /* LightObject.cpp in Sources */ = {isa = PBXBuildFile; fileRef = E7E46D08180ED24400220F7C /* LightObject.cpp */; };
		E7E46D80180EE8FF00220F7C /* ofxSosoRenderer.cpp in Sources */ = {isa = PBXBuildFile; fileRef = E7E46D7E180EE8FF00220F7C /* ofxSosoRenderer.cpp */; };
		E7E46D83180EFD4500220F7C /* InteractiveSceneObject.cpp in Sources */ = {isa = PBXBuildFile; fileRef = E7E46D81180EFD4500220F7C /* InteractiveSceneObject.cpp */; };
		E7ED6CA71817C8EA005F690A /* Animator.cpp in Sources */ = {isa = PBXBuildFile; fileRef = E7ED6CA51817C8EA005F690A /* Animator.cpp */; };
		E7ED6CAA1817E433005F690A /* SceneManager.cpp in Sources */ = {isa = PBXBuildFile; fileRef = E7ED6CA81817E433005F690A /* SceneManager.cpp */; };
		E7ED6CAE1818274E005F690A /* AnimationPickerGui.cpp in Sources */ = {isa = PBXBuildFile; fileRef = E7ED6CAC1818274E005F690A /* AnimationPickerGui.cpp */; };
		E7F314A6183D151E007772A2 /* EffectFullStrob.cpp in Sources */ = {isa = PBXBuildFile; fileRef = E7F314A4183D151E007772A2 /* EffectFullStrob.cpp */; };
		E7F314A9183E5311007772A2 /* AnimatorManager.cpp in Sources */ = {isa = PBXBuildFile; fileRef = E7F314A7183E5311007772A2 /* AnimatorManager.cpp */; };
		E7F314AC183FA7FF007772A2 /* FboMerger.cpp in Sources */ = {isa = PBXBuildFile; fileRef = E7F314AA183FA7FF007772A2 /* FboMerger.cpp */; };
		E7F985F815E0DEA3003869B5 /* Accelerate.framework in Frameworks */ = {isa = PBXBuildFile; fileRef = E7F985F515E0DE99003869B5 /* Accelerate.framework */; };
/* End PBXBuildFile section */

/* Begin PBXContainerItemProxy section */
		E4328147138ABC890047C5CB /* PBXContainerItemProxy */ = {
			isa = PBXContainerItemProxy;
			containerPortal = E4328143138ABC890047C5CB /* openFrameworksLib.xcodeproj */;
			proxyType = 2;
			remoteGlobalIDString = E4B27C1510CBEB8E00536013;
			remoteInfo = openFrameworks;
		};
		E4EEB9AB138B136A00A80321 /* PBXContainerItemProxy */ = {
			isa = PBXContainerItemProxy;
			containerPortal = E4328143138ABC890047C5CB /* openFrameworksLib.xcodeproj */;
			proxyType = 1;
			remoteGlobalIDString = E4B27C1410CBEB8E00536013;
			remoteInfo = openFrameworks;
		};
/* End PBXContainerItemProxy section */

/* Begin PBXCopyFilesBuildPhase section */
		E4C2427710CC5ABF004149E2 /* CopyFiles */ = {
			isa = PBXCopyFilesBuildPhase;
			buildActionMask = 2147483647;
			dstPath = "";
			dstSubfolderSpec = 10;
			files = (
				BBAB23CB13894F3D00AA2426 /* GLUT.framework in CopyFiles */,
			);
			runOnlyForDeploymentPostprocessing = 0;
		};
/* End PBXCopyFilesBuildPhase section */

/* Begin PBXFileReference section */
		01DCC0911400F9ACF5B65578 /* ofxXmlSettings.h */ = {isa = PBXFileReference; explicitFileType = sourcecode.c.h; fileEncoding = 30; name = ofxXmlSettings.h; path = ../../../addons/ofxXmlSettings/src/ofxXmlSettings.h; sourceTree = SOURCE_ROOT; };
		07C73BF519C251ACCC635946 /* ofxUIDropDownList.h */ = {isa = PBXFileReference; explicitFileType = sourcecode.c.h; fileEncoding = 30; name = ofxUIDropDownList.h; path = "../../../addons/ofxUI-master/src/ofxUIDropDownList.h"; sourceTree = SOURCE_ROOT; };
		0B015897B2EF0C5847C1BC45 /* ofxUIImageSlider.h */ = {isa = PBXFileReference; explicitFileType = sourcecode.c.h; fileEncoding = 30; name = ofxUIImageSlider.h; path = "../../../addons/ofxUI-master/src/ofxUIImageSlider.h"; sourceTree = SOURCE_ROOT; };
		10D9BE90BCDD2E3B01CF2C72 /* ofxUILabel.h */ = {isa = PBXFileReference; explicitFileType = sourcecode.c.h; fileEncoding = 30; name = ofxUILabel.h; path = "../../../addons/ofxUI-master/src/ofxUILabel.h"; sourceTree = SOURCE_ROOT; };
		10F17FAF4817F1874ABED22D /* ofxUIEventArgs.h */ = {isa = PBXFileReference; explicitFileType = sourcecode.c.h; fileEncoding = 30; name = ofxUIEventArgs.h; path = "../../../addons/ofxUI-master/src/ofxUIEventArgs.h"; sourceTree = SOURCE_ROOT; };
		1A1B9E7A2C1E689BF66EDC0D /* ofxUIBaseDraws.h */ = {isa = PBXFileReference; explicitFileType = sourcecode.c.h; fileEncoding = 30; name = ofxUIBaseDraws.h; path = "../../../addons/ofxUI-master/src/ofxUIBaseDraws.h"; sourceTree = SOURCE_ROOT; };
		1C90779338481A21FB735ABF /* ofxUIValuePlotter.h */ = {isa = PBXFileReference; explicitFileType = sourcecode.c.h; fileEncoding = 30; name = ofxUIValuePlotter.h; path = "../../../addons/ofxUI-master/src/ofxUIValuePlotter.h"; sourceTree = SOURCE_ROOT; };
		280D08C3289D60869BDAF7A6 /* ofxDmx.h */ = {isa = PBXFileReference; explicitFileType = sourcecode.c.h; fileEncoding = 30; name = ofxDmx.h; path = ../../../addons/ofxDmx/src/ofxDmx.h; sourceTree = SOURCE_ROOT; };
		28727A46DA99D148785FC592 /* ofxUIButton.h */ = {isa = PBXFileReference; explicitFileType = sourcecode.c.h; fileEncoding = 30; name = ofxUIButton.h; path = "../../../addons/ofxUI-master/src/ofxUIButton.h"; sourceTree = SOURCE_ROOT; };
		28BF014372BFFDF554F64EEE /* ofxUIToggle.h */ = {isa = PBXFileReference; explicitFileType = sourcecode.c.h; fileEncoding = 30; name = ofxUIToggle.h; path = "../../../addons/ofxUI-master/src/ofxUIToggle.h"; sourceTree = SOURCE_ROOT; };
		2A728E2A511B193FD1EA8683 /* ofxUIImage.h */ = {isa = PBXFileReference; explicitFileType = sourcecode.c.h; fileEncoding = 30; name = ofxUIImage.h; path = "../../../addons/ofxUI-master/src/ofxUIImage.h"; sourceTree = SOURCE_ROOT; };
		2B40EDA85BEB63E46785BC29 /* tinyxml.cpp */ = {isa = PBXFileReference; explicitFileType = sourcecode.cpp.cpp; fileEncoding = 30; name = tinyxml.cpp; path = ../../../addons/ofxXmlSettings/libs/tinyxml.cpp; sourceTree = SOURCE_ROOT; };
		34AB8B06D3B578D72694A50B /* ofxUIUtils.h */ = {isa = PBXFileReference; explicitFileType = sourcecode.c.h; fileEncoding = 30; name = ofxUIUtils.h; path = "../../../addons/ofxUI-master/src/ofxUIUtils.h"; sourceTree = SOURCE_ROOT; };
		3B490399FEAF3285CDCA2FC6 /* ofxUILabelButton.h */ = {isa = PBXFileReference; explicitFileType = sourcecode.c.h; fileEncoding = 30; name = ofxUILabelButton.h; path = "../../../addons/ofxUI-master/src/ofxUILabelButton.h"; sourceTree = SOURCE_ROOT; };
		3BCF11B140C03D19302CE111 /* ofxUIWidget.h */ = {isa = PBXFileReference; explicitFileType = sourcecode.c.h; fileEncoding = 30; name = ofxUIWidget.h; path = "../../../addons/ofxUI-master/src/ofxUIWidget.h"; sourceTree = SOURCE_ROOT; };
		3C680841DF951207337A7786 /* ofxUIFPS.h */ = {isa = PBXFileReference; explicitFileType = sourcecode.c.h; fileEncoding = 30; name = ofxUIFPS.h; path = "../../../addons/ofxUI-master/src/ofxUIFPS.h"; sourceTree = SOURCE_ROOT; };
		3CBD9FA30C55326204F9AF17 /* ofxUIMultiImageSlider.h */ = {isa = PBXFileReference; explicitFileType = sourcecode.c.h; fileEncoding = 30; name = ofxUIMultiImageSlider.h; path = "../../../addons/ofxUI-master/src/ofxUIMultiImageSlider.h"; sourceTree = SOURCE_ROOT; };
		3F4066615A6A69699E737D78 /* ofxUITabBar.h */ = {isa = PBXFileReference; explicitFileType = sourcecode.c.h; fileEncoding = 30; name = ofxUITabBar.h; path = "../../../addons/ofxUI-master/src/ofxUITabBar.h"; sourceTree = SOURCE_ROOT; };
		417CC9872D9DA8953D00E1F6 /* ofxUIRotarySlider.h */ = {isa = PBXFileReference; explicitFileType = sourcecode.c.h; fileEncoding = 30; name = ofxUIRotarySlider.h; path = "../../../addons/ofxUI-master/src/ofxUIRotarySlider.h"; sourceTree = SOURCE_ROOT; };
		435636905F1CDAC0B05976DD /* ofxDmx.cpp */ = {isa = PBXFileReference; explicitFileType = sourcecode.cpp.cpp; fileEncoding = 30; name = ofxDmx.cpp; path = ../../../addons/ofxDmx/src/ofxDmx.cpp; sourceTree = SOURCE_ROOT; };
		4722CB3820701B33DBA35825 /* ofxUIFPSSlider.h */ = {isa = PBXFileReference; explicitFileType = sourcecode.c.h; fileEncoding = 30; name = ofxUIFPSSlider.h; path = "../../../addons/ofxUI-master/src/ofxUIFPSSlider.h"; sourceTree = SOURCE_ROOT; };
		4C93544FAFFA81730A05A8FF /* ofxUIScrollableCanvas.h */ = {isa = PBXFileReference; explicitFileType = sourcecode.c.h; fileEncoding = 30; name = ofxUIScrollableCanvas.h; path = "../../../addons/ofxUI-master/src/ofxUIScrollableCanvas.h"; sourceTree = SOURCE_ROOT; };
		4D9895822D2E61FCD8C51566 /* ofxUIBiLabelSlider.h */ = {isa = PBXFileReference; explicitFileType = sourcecode.c.h; fileEncoding = 30; name = ofxUIBiLabelSlider.h; path = "../../../addons/ofxUI-master/src/ofxUIBiLabelSlider.h"; sourceTree = SOURCE_ROOT; };
		50DF87D612C5AAE17AAFA6C0 /* ofxXmlSettings.cpp */ = {isa = PBXFileReference; explicitFileType = sourcecode.cpp.cpp; fileEncoding = 30; name = ofxXmlSettings.cpp; path = ../../../addons/ofxXmlSettings/src/ofxXmlSettings.cpp; sourceTree = SOURCE_ROOT; };
		57BB218612ECBA49B71A5EDC /* ofxUICircleSlider.h */ = {isa = PBXFileReference; explicitFileType = sourcecode.c.h; fileEncoding = 30; name = ofxUICircleSlider.h; path = "../../../addons/ofxUI-master/src/ofxUICircleSlider.h"; sourceTree = SOURCE_ROOT; };
		6A24852BDB75B52E01D94AD7 /* ofxUIMinimalSlider.h */ = {isa = PBXFileReference; explicitFileType = sourcecode.c.h; fileEncoding = 30; name = ofxUIMinimalSlider.h; path = "../../../addons/ofxUI-master/src/ofxUIMinimalSlider.h"; sourceTree = SOURCE_ROOT; };
		6BB338B64AD6F10761B8A5FC /* ofxUIToggleMatrix.h */ = {isa = PBXFileReference; explicitFileType = sourcecode.c.h; fileEncoding = 30; name = ofxUIToggleMatrix.h; path = "../../../addons/ofxUI-master/src/ofxUIToggleMatrix.h"; sourceTree = SOURCE_ROOT; };
		6E043813BDB8B595FA27B3F5 /* ofxUIIntSlider.h */ = {isa = PBXFileReference; explicitFileType = sourcecode.c.h; fileEncoding = 30; name = ofxUIIntSlider.h; path = "../../../addons/ofxUI-master/src/ofxUIIntSlider.h"; sourceTree = SOURCE_ROOT; };
		7215893501A0C2FBFA621356 /* ofxUI2DGraph.h */ = {isa = PBXFileReference; explicitFileType = sourcecode.c.h; fileEncoding = 30; name = ofxUI2DGraph.h; path = "../../../addons/ofxUI-master/src/ofxUI2DGraph.h"; sourceTree = SOURCE_ROOT; };
		7964F850CA58078A6F964232 /* ofxUIWidgetWithLabel.h */ = {isa = PBXFileReference; explicitFileType = sourcecode.c.h; fileEncoding = 30; name = ofxUIWidgetWithLabel.h; path = "../../../addons/ofxUI-master/src/ofxUIWidgetWithLabel.h"; sourceTree = SOURCE_ROOT; };
		7B63BC0F5BB962F83736A27D /* ofxUIRangeSlider.h */ = {isa = PBXFileReference; explicitFileType = sourcecode.c.h; fileEncoding = 30; name = ofxUIRangeSlider.h; path = "../../../addons/ofxUI-master/src/ofxUIRangeSlider.h"; sourceTree = SOURCE_ROOT; };
		7CF61688EC44D6287BC90A6A /* ofxUIMultiImageToggle.h */ = {isa = PBXFileReference; explicitFileType = sourcecode.c.h; fileEncoding = 30; name = ofxUIMultiImageToggle.h; path = "../../../addons/ofxUI-master/src/ofxUIMultiImageToggle.h"; sourceTree = SOURCE_ROOT; };
		832BDC407620CDBA568B713D /* tinyxmlerror.cpp */ = {isa = PBXFileReference; explicitFileType = sourcecode.cpp.cpp; fileEncoding = 30; name = tinyxmlerror.cpp; path = ../../../addons/ofxXmlSettings/libs/tinyxmlerror.cpp; sourceTree = SOURCE_ROOT; };
		86D35831FC0594EF8369EB8B /* ofxUICustomImageButton.h */ = {isa = PBXFileReference; explicitFileType = sourcecode.c.h; fileEncoding = 30; name = ofxUICustomImageButton.h; path = "../../../addons/ofxUI-master/src/ofxUICustomImageButton.h"; sourceTree = SOURCE_ROOT; };
		871A1E875C0BE94E06354004 /* ofxUI.h */ = {isa = PBXFileReference; explicitFileType = sourcecode.c.h; fileEncoding = 30; name = ofxUI.h; path = "../../../addons/ofxUI-master/src/ofxUI.h"; sourceTree = SOURCE_ROOT; };
		985C6A2EDD0090DB65FFD5C8 /* ofxUIMultiImageButton.h */ = {isa = PBXFileReference; explicitFileType = sourcecode.c.h; fileEncoding = 30; name = ofxUIMultiImageButton.h; path = "../../../addons/ofxUI-master/src/ofxUIMultiImageButton.h"; sourceTree = SOURCE_ROOT; };
		9FA328DD414ADCC0B2300C55 /* ofxUITextArea.h */ = {isa = PBXFileReference; explicitFileType = sourcecode.c.h; fileEncoding = 30; name = ofxUITextArea.h; path = "../../../addons/ofxUI-master/src/ofxUITextArea.h"; sourceTree = SOURCE_ROOT; };
		A59629B72C9DA5AA7C864E16 /* ofxUITextInput.h */ = {isa = PBXFileReference; explicitFileType = sourcecode.c.h; fileEncoding = 30; name = ofxUITextInput.h; path = "../../../addons/ofxUI-master/src/ofxUITextInput.h"; sourceTree = SOURCE_ROOT; };
		A83F1124EEB0DE13B18691E3 /* ofxUIRadio.h */ = {isa = PBXFileReference; explicitFileType = sourcecode.c.h; fileEncoding = 30; name = ofxUIRadio.h; path = "../../../addons/ofxUI-master/src/ofxUIRadio.h"; sourceTree = SOURCE_ROOT; };
		AC43BC598430E5A01EB44104 /* ofxUIMovingGraph.h */ = {isa = PBXFileReference; explicitFileType = sourcecode.c.h; fileEncoding = 30; name = ofxUIMovingGraph.h; path = "../../../addons/ofxUI-master/src/ofxUIMovingGraph.h"; sourceTree = SOURCE_ROOT; };
		ADE92C61343863DC7AA52D15 /* ofxUISpectrum.h */ = {isa = PBXFileReference; explicitFileType = sourcecode.c.h; fileEncoding = 30; name = ofxUISpectrum.h; path = "../../../addons/ofxUI-master/src/ofxUISpectrum.h"; sourceTree = SOURCE_ROOT; };
		AF5716467C4A26D9BEE3E7EE /* ofxUIImageSampler.h */ = {isa = PBXFileReference; explicitFileType = sourcecode.c.h; fileEncoding = 30; name = ofxUIImageSampler.h; path = "../../../addons/ofxUI-master/src/ofxUIImageSampler.h"; sourceTree = SOURCE_ROOT; };
		B21E7E5F548EEA92F368040B /* tinyxml.h */ = {isa = PBXFileReference; explicitFileType = sourcecode.c.h; fileEncoding = 30; name = tinyxml.h; path = ../../../addons/ofxXmlSettings/libs/tinyxml.h; sourceTree = SOURCE_ROOT; };
		B868636689A0A6084289D221 /* ofxUIImageToggle.h */ = {isa = PBXFileReference; explicitFileType = sourcecode.c.h; fileEncoding = 30; name = ofxUIImageToggle.h; path = "../../../addons/ofxUI-master/src/ofxUIImageToggle.h"; sourceTree = SOURCE_ROOT; };
		BBAB23BE13894E4700AA2426 /* GLUT.framework */ = {isa = PBXFileReference; lastKnownFileType = wrapper.framework; name = GLUT.framework; path = ../../../libs/glut/lib/osx/GLUT.framework; sourceTree = "<group>"; };
		C00DE7A35D36536AF756EEFA /* ofxUISuperCanvas.h */ = {isa = PBXFileReference; explicitFileType = sourcecode.c.h; fileEncoding = 30; name = ofxUISuperCanvas.h; path = "../../../addons/ofxUI-master/src/ofxUISuperCanvas.h"; sourceTree = SOURCE_ROOT; };
		C5CC52B3EE1E52541163B1E6 /* ofxUINumberDialer.h */ = {isa = PBXFileReference; explicitFileType = sourcecode.c.h; fileEncoding = 30; name = ofxUINumberDialer.h; path = "../../../addons/ofxUI-master/src/ofxUINumberDialer.h"; sourceTree = SOURCE_ROOT; };
		D2A4D355CF78D9DF6DDC81FF /* ofxUICanvas.h */ = {isa = PBXFileReference; explicitFileType = sourcecode.c.h; fileEncoding = 30; name = ofxUICanvas.h; path = "../../../addons/ofxUI-master/src/ofxUICanvas.h"; sourceTree = SOURCE_ROOT; };
		DF63A1E503761ECE0A7C66A1 /* ofxUIWaveform.h */ = {isa = PBXFileReference; explicitFileType = sourcecode.c.h; fileEncoding = 30; name = ofxUIWaveform.h; path = "../../../addons/ofxUI-master/src/ofxUIWaveform.h"; sourceTree = SOURCE_ROOT; };
		E4328143138ABC890047C5CB /* openFrameworksLib.xcodeproj */ = {isa = PBXFileReference; lastKnownFileType = "wrapper.pb-project"; name = openFrameworksLib.xcodeproj; path = ../../../libs/openFrameworksCompiled/project/osx/openFrameworksLib.xcodeproj; sourceTree = SOURCE_ROOT; };
		E45BE9710E8CC7DD009D7055 /* AGL.framework */ = {isa = PBXFileReference; lastKnownFileType = wrapper.framework; name = AGL.framework; path = /System/Library/Frameworks/AGL.framework; sourceTree = "<absolute>"; };
		E45BE9720E8CC7DD009D7055 /* ApplicationServices.framework */ = {isa = PBXFileReference; lastKnownFileType = wrapper.framework; name = ApplicationServices.framework; path = /System/Library/Frameworks/ApplicationServices.framework; sourceTree = "<absolute>"; };
		E45BE9730E8CC7DD009D7055 /* AudioToolbox.framework */ = {isa = PBXFileReference; lastKnownFileType = wrapper.framework; name = AudioToolbox.framework; path = /System/Library/Frameworks/AudioToolbox.framework; sourceTree = "<absolute>"; };
		E45BE9740E8CC7DD009D7055 /* Carbon.framework */ = {isa = PBXFileReference; lastKnownFileType = wrapper.framework; name = Carbon.framework; path = /System/Library/Frameworks/Carbon.framework; sourceTree = "<absolute>"; };
		E45BE9750E8CC7DD009D7055 /* CoreAudio.framework */ = {isa = PBXFileReference; lastKnownFileType = wrapper.framework; name = CoreAudio.framework; path = /System/Library/Frameworks/CoreAudio.framework; sourceTree = "<absolute>"; };
		E45BE9760E8CC7DD009D7055 /* CoreFoundation.framework */ = {isa = PBXFileReference; lastKnownFileType = wrapper.framework; name = CoreFoundation.framework; path = /System/Library/Frameworks/CoreFoundation.framework; sourceTree = "<absolute>"; };
		E45BE9770E8CC7DD009D7055 /* CoreServices.framework */ = {isa = PBXFileReference; lastKnownFileType = wrapper.framework; name = CoreServices.framework; path = /System/Library/Frameworks/CoreServices.framework; sourceTree = "<absolute>"; };
		E45BE9790E8CC7DD009D7055 /* OpenGL.framework */ = {isa = PBXFileReference; lastKnownFileType = wrapper.framework; name = OpenGL.framework; path = /System/Library/Frameworks/OpenGL.framework; sourceTree = "<absolute>"; };
		E45BE97A0E8CC7DD009D7055 /* QuickTime.framework */ = {isa = PBXFileReference; lastKnownFileType = wrapper.framework; name = QuickTime.framework; path = /System/Library/Frameworks/QuickTime.framework; sourceTree = "<absolute>"; };
		E4B69B5B0A3A1756003C02F2 /* SucreDebug.app */ = {isa = PBXFileReference; explicitFileType = wrapper.application; includeInIndex = 0; path = SucreDebug.app; sourceTree = BUILT_PRODUCTS_DIR; };
		E4B69E1D0A3A1BDC003C02F2 /* main.cpp */ = {isa = PBXFileReference; fileEncoding = 30; lastKnownFileType = sourcecode.cpp.cpp; name = main.cpp; path = src/main.cpp; sourceTree = SOURCE_ROOT; };
		E4B69E1E0A3A1BDC003C02F2 /* testApp.cpp */ = {isa = PBXFileReference; explicitFileType = sourcecode.cpp.cpp; fileEncoding = 30; name = testApp.cpp; path = src/testApp.cpp; sourceTree = SOURCE_ROOT; };
		E4B69E1F0A3A1BDC003C02F2 /* testApp.h */ = {isa = PBXFileReference; fileEncoding = 30; lastKnownFileType = sourcecode.c.h; name = testApp.h; path = src/testApp.h; sourceTree = SOURCE_ROOT; };
		E4B6FCAD0C3E899E008CF71C /* openFrameworks-Info.plist */ = {isa = PBXFileReference; fileEncoding = 30; lastKnownFileType = text.plist.xml; path = "openFrameworks-Info.plist"; sourceTree = "<group>"; };
		E4C2424410CC5A17004149E2 /* AppKit.framework */ = {isa = PBXFileReference; lastKnownFileType = wrapper.framework; name = AppKit.framework; path = /System/Library/Frameworks/AppKit.framework; sourceTree = "<absolute>"; };
		E4C2424510CC5A17004149E2 /* Cocoa.framework */ = {isa = PBXFileReference; lastKnownFileType = wrapper.framework; name = Cocoa.framework; path = /System/Library/Frameworks/Cocoa.framework; sourceTree = "<absolute>"; };
		E4C2424610CC5A17004149E2 /* IOKit.framework */ = {isa = PBXFileReference; lastKnownFileType = wrapper.framework; name = IOKit.framework; path = /System/Library/Frameworks/IOKit.framework; sourceTree = "<absolute>"; };
		E4EB691F138AFCF100A09F29 /* CoreOF.xcconfig */ = {isa = PBXFileReference; fileEncoding = 4; lastKnownFileType = text.xcconfig; name = CoreOF.xcconfig; path = ../../../libs/openFrameworksCompiled/project/osx/CoreOF.xcconfig; sourceTree = SOURCE_ROOT; };
		E4EB6923138AFD0F00A09F29 /* Project.xcconfig */ = {isa = PBXFileReference; fileEncoding = 4; lastKnownFileType = text.xcconfig; path = Project.xcconfig; sourceTree = "<group>"; };
		E70F48B9180FEB7C000E312C /* InspectorGui.cpp */ = {isa = PBXFileReference; fileEncoding = 4; lastKnownFileType = sourcecode.cpp.cpp; path = InspectorGui.cpp; sourceTree = "<group>"; };
		E70F48BA180FEB7C000E312C /* InspectorGui.h */ = {isa = PBXFileReference; fileEncoding = 4; lastKnownFileType = sourcecode.c.h; path = InspectorGui.h; sourceTree = "<group>"; };
		E70F48BC180FEBDF000E312C /* LiveGui.cpp */ = {isa = PBXFileReference; fileEncoding = 4; lastKnownFileType = sourcecode.cpp.cpp; path = LiveGui.cpp; sourceTree = "<group>"; };
		E70F48BD180FEBDF000E312C /* LiveGui.h */ = {isa = PBXFileReference; fileEncoding = 4; lastKnownFileType = sourcecode.c.h; path = LiveGui.h; sourceTree = "<group>"; };
		E70F48C0180FF550000E312C /* SceneObjectEvent.h */ = {isa = PBXFileReference; fileEncoding = 4; lastKnownFileType = sourcecode.c.h; path = SceneObjectEvent.h; sourceTree = "<group>"; };
		E70F48C3181001DA000E312C /* Selector.h */ = {isa = PBXFileReference; fileEncoding = 4; lastKnownFileType = sourcecode.c.h; path = Selector.h; sourceTree = "<group>"; };
		E70F48C518101610000E312C /* ConfigGui.cpp */ = {isa = PBXFileReference; fileEncoding = 4; lastKnownFileType = sourcecode.cpp.cpp; path = ConfigGui.cpp; sourceTree = "<group>"; };
		E70F48C618101610000E312C /* ConfigGui.h */ = {isa = PBXFileReference; fileEncoding = 4; lastKnownFileType = sourcecode.c.h; path = ConfigGui.h; sourceTree = "<group>"; };
		E70F48C9181020CB000E312C /* DataManager.cpp */ = {isa = PBXFileReference; fileEncoding = 4; lastKnownFileType = sourcecode.cpp.cpp; path = DataManager.cpp; sourceTree = "<group>"; };
		E70F48CA181020CB000E312C /* DataManager.h */ = {isa = PBXFileReference; fileEncoding = 4; lastKnownFileType = sourcecode.c.h; path = DataManager.h; sourceTree = "<group>"; };
		E70F492C18117961000E312C /* .gitignore */ = {isa = PBXFileReference; fileEncoding = 4; lastKnownFileType = text; path = .gitignore; sourceTree = "<group>"; };
		E70F494018117962000E312C /* ofxModifierKeys.h */ = {isa = PBXFileReference; fileEncoding = 4; lastKnownFileType = sourcecode.c.h; path = ofxModifierKeys.h; sourceTree = "<group>"; };
		E70F494118117962000E312C /* ofxModifierKeys_impl_linux.cpp */ = {isa = PBXFileReference; fileEncoding = 4; lastKnownFileType = sourcecode.cpp.cpp; path = ofxModifierKeys_impl_linux.cpp; sourceTree = "<group>"; };
		E70F494218117962000E312C /* ofxModifierKeys_impl_mac.mm */ = {isa = PBXFileReference; fileEncoding = 4; lastKnownFileType = sourcecode.cpp.objcpp; path = ofxModifierKeys_impl_mac.mm; sourceTree = "<group>"; };
		E70F494318117962000E312C /* ofxModifierKeys_impl_win.cpp */ = {isa = PBXFileReference; fileEncoding = 4; lastKnownFileType = sourcecode.cpp.cpp; path = ofxModifierKeys_impl_win.cpp; sourceTree = "<group>"; };
		E70F497118152BBC000E312C /* easing_terms_of_use.html */ = {isa = PBXFileReference; lastKnownFileType = text.html; path = easing_terms_of_use.html; sourceTree = "<group>"; };
		E70F497218152BBC000E312C /* ofxEasing.cpp */ = {isa = PBXFileReference; lastKnownFileType = sourcecode.cpp.cpp; path = ofxEasing.cpp; sourceTree = "<group>"; };
		E70F497318152BBC000E312C /* ofxEasing.h */ = {isa = PBXFileReference; lastKnownFileType = sourcecode.c.h; path = ofxEasing.h; sourceTree = "<group>"; };
		E70F497418152BBC000E312C /* ofxEasingBack.cpp */ = {isa = PBXFileReference; lastKnownFileType = sourcecode.cpp.cpp; path = ofxEasingBack.cpp; sourceTree = "<group>"; };
		E70F497518152BBC000E312C /* ofxEasingBack.h */ = {isa = PBXFileReference; lastKnownFileType = sourcecode.c.h; path = ofxEasingBack.h; sourceTree = "<group>"; };
		E70F497618152BBC000E312C /* ofxEasingBounce.cpp */ = {isa = PBXFileReference; lastKnownFileType = sourcecode.cpp.cpp; path = ofxEasingBounce.cpp; sourceTree = "<group>"; };
		E70F497718152BBC000E312C /* ofxEasingBounce.h */ = {isa = PBXFileReference; lastKnownFileType = sourcecode.c.h; path = ofxEasingBounce.h; sourceTree = "<group>"; };
		E70F497818152BBC000E312C /* ofxEasingCirc.cpp */ = {isa = PBXFileReference; lastKnownFileType = sourcecode.cpp.cpp; path = ofxEasingCirc.cpp; sourceTree = "<group>"; };
		E70F497918152BBC000E312C /* ofxEasingCirc.h */ = {isa = PBXFileReference; lastKnownFileType = sourcecode.c.h; path = ofxEasingCirc.h; sourceTree = "<group>"; };
		E70F497A18152BBC000E312C /* ofxEasingCubic.cpp */ = {isa = PBXFileReference; lastKnownFileType = sourcecode.cpp.cpp; path = ofxEasingCubic.cpp; sourceTree = "<group>"; };
		E70F497B18152BBC000E312C /* ofxEasingCubic.h */ = {isa = PBXFileReference; lastKnownFileType = sourcecode.c.h; path = ofxEasingCubic.h; sourceTree = "<group>"; };
		E70F497C18152BBC000E312C /* ofxEasingElastic.cpp */ = {isa = PBXFileReference; lastKnownFileType = sourcecode.cpp.cpp; path = ofxEasingElastic.cpp; sourceTree = "<group>"; };
		E70F497D18152BBC000E312C /* ofxEasingElastic.h */ = {isa = PBXFileReference; lastKnownFileType = sourcecode.c.h; path = ofxEasingElastic.h; sourceTree = "<group>"; };
		E70F497E18152BBC000E312C /* ofxEasingExpo.cpp */ = {isa = PBXFileReference; lastKnownFileType = sourcecode.cpp.cpp; path = ofxEasingExpo.cpp; sourceTree = "<group>"; };
		E70F497F18152BBC000E312C /* ofxEasingExpo.h */ = {isa = PBXFileReference; lastKnownFileType = sourcecode.c.h; path = ofxEasingExpo.h; sourceTree = "<group>"; };
		E70F498018152BBC000E312C /* ofxEasingLinear.cpp */ = {isa = PBXFileReference; lastKnownFileType = sourcecode.cpp.cpp; path = ofxEasingLinear.cpp; sourceTree = "<group>"; };
		E70F498118152BBC000E312C /* ofxEasingLinear.h */ = {isa = PBXFileReference; lastKnownFileType = sourcecode.c.h; path = ofxEasingLinear.h; sourceTree = "<group>"; };
		E70F498218152BBC000E312C /* ofxEasingQuad.cpp */ = {isa = PBXFileReference; lastKnownFileType = sourcecode.cpp.cpp; path = ofxEasingQuad.cpp; sourceTree = "<group>"; };
		E70F498318152BBC000E312C /* ofxEasingQuad.h */ = {isa = PBXFileReference; lastKnownFileType = sourcecode.c.h; path = ofxEasingQuad.h; sourceTree = "<group>"; };
		E70F498418152BBC000E312C /* ofxEasingQuart.cpp */ = {isa = PBXFileReference; lastKnownFileType = sourcecode.cpp.cpp; path = ofxEasingQuart.cpp; sourceTree = "<group>"; };
		E70F498518152BBC000E312C /* ofxEasingQuart.h */ = {isa = PBXFileReference; lastKnownFileType = sourcecode.c.h; path = ofxEasingQuart.h; sourceTree = "<group>"; };
		E70F498618152BBC000E312C /* ofxEasingQuint.cpp */ = {isa = PBXFileReference; lastKnownFileType = sourcecode.cpp.cpp; path = ofxEasingQuint.cpp; sourceTree = "<group>"; };
		E70F498718152BBC000E312C /* ofxEasingQuint.h */ = {isa = PBXFileReference; lastKnownFileType = sourcecode.c.h; path = ofxEasingQuint.h; sourceTree = "<group>"; };
		E70F498818152BBC000E312C /* ofxEasingSine.cpp */ = {isa = PBXFileReference; lastKnownFileType = sourcecode.cpp.cpp; path = ofxEasingSine.cpp; sourceTree = "<group>"; };
		E70F498918152BBC000E312C /* ofxEasingSine.h */ = {isa = PBXFileReference; lastKnownFileType = sourcecode.c.h; path = ofxEasingSine.h; sourceTree = "<group>"; };
		E70F498A18152BBC000E312C /* ofxTween.cpp */ = {isa = PBXFileReference; lastKnownFileType = sourcecode.cpp.cpp; path = ofxTween.cpp; sourceTree = "<group>"; };
		E70F498B18152BBC000E312C /* ofxTween.h */ = {isa = PBXFileReference; lastKnownFileType = sourcecode.c.h; path = ofxTween.h; sourceTree = "<group>"; };
		E70F49AE18152E2F000E312C /* LightDataObject.h */ = {isa = PBXFileReference; fileEncoding = 4; lastKnownFileType = sourcecode.c.h; path = LightDataObject.h; sourceTree = "<group>"; };
		E70F49B0181556FA000E312C /* AnimationDataObject.cpp */ = {isa = PBXFileReference; fileEncoding = 4; lastKnownFileType = sourcecode.cpp.cpp; path = AnimationDataObject.cpp; sourceTree = "<group>"; };
		E70F49B1181556FA000E312C /* AnimationDataObject.h */ = {isa = PBXFileReference; fileEncoding = 4; lastKnownFileType = sourcecode.c.h; path = AnimationDataObject.h; sourceTree = "<group>"; };
		E70F49B318155C2B000E312C /* AnimationDataManager.cpp */ = {isa = PBXFileReference; fileEncoding = 4; lastKnownFileType = sourcecode.cpp.cpp; path = AnimationDataManager.cpp; sourceTree = "<group>"; };
		E70F49B418155C2B000E312C /* AnimationDataManager.h */ = {isa = PBXFileReference; fileEncoding = 4; lastKnownFileType = sourcecode.c.h; path = AnimationDataManager.h; sourceTree = "<group>"; };
		E70F49B618156111000E312C /* EditorGui.cpp */ = {isa = PBXFileReference; fileEncoding = 4; lastKnownFileType = sourcecode.cpp.cpp; path = EditorGui.cpp; sourceTree = "<group>"; };
		E70F49B718156111000E312C /* EditorGui.h */ = {isa = PBXFileReference; fileEncoding = 4; lastKnownFileType = sourcecode.c.h; path = EditorGui.h; sourceTree = "<group>"; };
		E7145B85E46ECBE3A96BFF36 /* ofxUISpacer.h */ = {isa = PBXFileReference; explicitFileType = sourcecode.c.h; fileEncoding = 30; name = ofxUISpacer.h; path = "../../../addons/ofxUI-master/src/ofxUISpacer.h"; sourceTree = SOURCE_ROOT; };
		E72E5AB818362F74006324DE /* AlertManager.cpp */ = {isa = PBXFileReference; fileEncoding = 4; lastKnownFileType = sourcecode.cpp.cpp; path = AlertManager.cpp; sourceTree = "<group>"; };
		E72E5AB918362F74006324DE /* AlertManager.h */ = {isa = PBXFileReference; fileEncoding = 4; lastKnownFileType = sourcecode.c.h; path = AlertManager.h; sourceTree = "<group>"; };
		E72E5ABB18362F7F006324DE /* Alert.cpp */ = {isa = PBXFileReference; fileEncoding = 4; lastKnownFileType = sourcecode.cpp.cpp; path = Alert.cpp; sourceTree = "<group>"; };
		E72E5ABC18362F7F006324DE /* Alert.h */ = {isa = PBXFileReference; fileEncoding = 4; lastKnownFileType = sourcecode.c.h; path = Alert.h; sourceTree = "<group>"; };
		E72E5AC0183631F4006324DE /* ofxTimer.cpp */ = {isa = PBXFileReference; fileEncoding = 4; lastKnownFileType = sourcecode.cpp.cpp; path = ofxTimer.cpp; sourceTree = "<group>"; };
		E72E5AC1183631F4006324DE /* ofxTimer.h */ = {isa = PBXFileReference; fileEncoding = 4; lastKnownFileType = sourcecode.c.h; path = ofxTimer.h; sourceTree = "<group>"; };
		E72E5AC318365EF1006324DE /* ColorDataObject.cpp */ = {isa = PBXFileReference; fileEncoding = 4; lastKnownFileType = sourcecode.cpp.cpp; path = ColorDataObject.cpp; sourceTree = "<group>"; };
		E72E5AC418365EF1006324DE /* ColorDataObject.h */ = {isa = PBXFileReference; fileEncoding = 4; lastKnownFileType = sourcecode.c.h; path = ColorDataObject.h; sourceTree = "<group>"; };
		E747B4C21834D41F00AFCAB8 /* ofxHttpTypes.h */ = {isa = PBXFileReference; fileEncoding = 4; lastKnownFileType = sourcecode.c.h; path = ofxHttpTypes.h; sourceTree = "<group>"; };
		E747B4C31834D41F00AFCAB8 /* ofxHttpUtils.cpp */ = {isa = PBXFileReference; fileEncoding = 4; lastKnownFileType = sourcecode.cpp.cpp; path = ofxHttpUtils.cpp; sourceTree = "<group>"; };
		E747B4C41834D41F00AFCAB8 /* ofxHttpUtils.h */ = {isa = PBXFileReference; fileEncoding = 4; lastKnownFileType = sourcecode.c.h; path = ofxHttpUtils.h; sourceTree = "<group>"; };
		E7520EF3182AAF4A002BA931 /* icon.icns */ = {isa = PBXFileReference; lastKnownFileType = image.icns; path = icon.icns; sourceTree = "<group>"; };
		E75AD45218294F200023EC25 /* EffectsManager.cpp */ = {isa = PBXFileReference; fileEncoding = 4; lastKnownFileType = sourcecode.cpp.cpp; path = EffectsManager.cpp; sourceTree = "<group>"; };
		E75AD45318294F200023EC25 /* EffectsManager.h */ = {isa = PBXFileReference; fileEncoding = 4; lastKnownFileType = sourcecode.c.h; path = EffectsManager.h; sourceTree = "<group>"; };
		E75AD45518294FB70023EC25 /* AbstractEffect.cpp */ = {isa = PBXFileReference; fileEncoding = 4; lastKnownFileType = sourcecode.cpp.cpp; path = AbstractEffect.cpp; sourceTree = "<group>"; };
		E75AD45618294FB70023EC25 /* AbstractEffect.h */ = {isa = PBXFileReference; fileEncoding = 4; lastKnownFileType = sourcecode.c.h; path = AbstractEffect.h; sourceTree = "<group>"; };
		E75AD4581829504A0023EC25 /* EffectStrob.cpp */ = {isa = PBXFileReference; fileEncoding = 4; lastKnownFileType = sourcecode.cpp.cpp; path = EffectStrob.cpp; sourceTree = "<group>"; };
		E75AD4591829504A0023EC25 /* EffectStrob.h */ = {isa = PBXFileReference; fileEncoding = 4; lastKnownFileType = sourcecode.c.h; path = EffectStrob.h; sourceTree = "<group>"; };
		E76834FC180E921F00709A0A /* GuiManager.cpp */ = {isa = PBXFileReference; fileEncoding = 4; lastKnownFileType = sourcecode.cpp.cpp; path = GuiManager.cpp; sourceTree = "<group>"; };
		E76834FD180E921F00709A0A /* GuiManager.h */ = {isa = PBXFileReference; fileEncoding = 4; lastKnownFileType = sourcecode.c.h; path = GuiManager.h; sourceTree = "<group>"; };
		E7683515180E95B900709A0A /* fft.cpp */ = {isa = PBXFileReference; lastKnownFileType = sourcecode.cpp.cpp; path = fft.cpp; sourceTree = "<group>"; };
		E7683516180E95B900709A0A /* fft.h */ = {isa = PBXFileReference; lastKnownFileType = sourcecode.c.h; path = fft.h; sourceTree = "<group>"; };
		E7683517180E95B900709A0A /* fftOctaveAnalyzer.cpp */ = {isa = PBXFileReference; lastKnownFileType = sourcecode.cpp.cpp; path = fftOctaveAnalyzer.cpp; sourceTree = "<group>"; };
		E7683518180E95B900709A0A /* fftOctaveAnalyzer.h */ = {isa = PBXFileReference; lastKnownFileType = sourcecode.c.h; path = fftOctaveAnalyzer.h; sourceTree = "<group>"; };
		E768351A180E95B900709A0A /* ofxEQ.cpp */ = {isa = PBXFileReference; lastKnownFileType = sourcecode.cpp.cpp; path = ofxEQ.cpp; sourceTree = "<group>"; };
		E768351B180E95B900709A0A /* ofxEQ.h */ = {isa = PBXFileReference; lastKnownFileType = sourcecode.c.h; path = ofxEQ.h; sourceTree = "<group>"; };
		E768351C180E95B900709A0A /* ofxSoundManager.cpp */ = {isa = PBXFileReference; lastKnownFileType = sourcecode.cpp.cpp; path = ofxSoundManager.cpp; sourceTree = "<group>"; };
		E768351D180E95B900709A0A /* ofxSoundManager.h */ = {isa = PBXFileReference; lastKnownFileType = sourcecode.c.h; path = ofxSoundManager.h; sourceTree = "<group>"; };
		E7683526180E976700709A0A /* Globals.cpp */ = {isa = PBXFileReference; fileEncoding = 4; lastKnownFileType = sourcecode.cpp.cpp; path = Globals.cpp; sourceTree = "<group>"; };
		E7683527180E976700709A0A /* Globals.h */ = {isa = PBXFileReference; fileEncoding = 4; lastKnownFileType = sourcecode.c.h; path = Globals.h; sourceTree = "<group>"; };
		E783F3AC1815736400CFF43E /* EditorInspectorGui.cpp */ = {isa = PBXFileReference; fileEncoding = 4; lastKnownFileType = sourcecode.cpp.cpp; path = EditorInspectorGui.cpp; sourceTree = "<group>"; };
		E783F3AD1815736400CFF43E /* EditorInspectorGui.h */ = {isa = PBXFileReference; fileEncoding = 4; lastKnownFileType = sourcecode.c.h; path = EditorInspectorGui.h; sourceTree = "<group>"; };
		E78C3B4D18213BB80079C909 /* ofxUIFbo.h */ = {isa = PBXFileReference; fileEncoding = 4; lastKnownFileType = sourcecode.c.h; path = ofxUIFbo.h; sourceTree = "<group>"; };
		E791E7B1182A46D5006EA408 /* EffectSoundReactive.cpp */ = {isa = PBXFileReference; fileEncoding = 4; lastKnownFileType = sourcecode.cpp.cpp; path = EffectSoundReactive.cpp; sourceTree = "<group>"; };
		E791E7B2182A46D5006EA408 /* EffectSoundReactive.h */ = {isa = PBXFileReference; fileEncoding = 4; lastKnownFileType = sourcecode.c.h; path = EffectSoundReactive.h; sourceTree = "<group>"; };
		E7AF153D1846274F00B23751 /* AutomaticMode.cpp */ = {isa = PBXFileReference; fileEncoding = 4; lastKnownFileType = sourcecode.cpp.cpp; path = AutomaticMode.cpp; sourceTree = "<group>"; };
		E7AF153E1846274F00B23751 /* AutomaticMode.h */ = {isa = PBXFileReference; fileEncoding = 4; lastKnownFileType = sourcecode.c.h; path = AutomaticMode.h; sourceTree = "<group>"; };
		E7CD0A921822AC9C00640551 /* ofxUIHsbPicker.h */ = {isa = PBXFileReference; lastKnownFileType = sourcecode.c.h; name = ofxUIHsbPicker.h; path = "../../../addons/ofxUI-master/src/ofxUIHsbPicker.h"; sourceTree = "<group>"; };
		E7CD0A931822C08000640551 /* ColorManager.cpp */ = {isa = PBXFileReference; fileEncoding = 4; lastKnownFileType = sourcecode.cpp.cpp; path = ColorManager.cpp; sourceTree = "<group>"; };
		E7CD0A941822C08000640551 /* ColorManager.h */ = {isa = PBXFileReference; fileEncoding = 4; lastKnownFileType = sourcecode.c.h; path = ColorManager.h; sourceTree = "<group>"; };
		E7D7E316182908220051A235 /* DMXManager.cpp */ = {isa = PBXFileReference; fileEncoding = 4; lastKnownFileType = sourcecode.cpp.cpp; path = DMXManager.cpp; sourceTree = "<group>"; };
		E7D7E317182908220051A235 /* DMXManager.h */ = {isa = PBXFileReference; fileEncoding = 4; lastKnownFileType = sourcecode.c.h; path = DMXManager.h; sourceTree = "<group>"; };
		E7DCC7AC18367C7A00FD209E /* ColorPickerGui.cpp */ = {isa = PBXFileReference; fileEncoding = 4; lastKnownFileType = sourcecode.cpp.cpp; path = ColorPickerGui.cpp; sourceTree = "<group>"; };
		E7DCC7AD18367C7A00FD209E /* ColorPickerGui.h */ = {isa = PBXFileReference; fileEncoding = 4; lastKnownFileType = sourcecode.c.h; path = ColorPickerGui.h; sourceTree = "<group>"; };
		E7DCC7B1183A7F6900FD209E /* TweenableColor.cpp */ = {isa = PBXFileReference; fileEncoding = 4; lastKnownFileType = sourcecode.cpp.cpp; path = TweenableColor.cpp; sourceTree = "<group>"; };
		E7DCC7B2183A7F6900FD209E /* TweenableColor.h */ = {isa = PBXFileReference; fileEncoding = 4; lastKnownFileType = sourcecode.c.h; path = TweenableColor.h; sourceTree = "<group>"; };
		E7E077E415D3B63C0020DFD4 /* CoreVideo.framework */ = {isa = PBXFileReference; lastKnownFileType = wrapper.framework; name = CoreVideo.framework; path = /System/Library/Frameworks/CoreVideo.framework; sourceTree = "<absolute>"; };
		E7E077E715D3B6510020DFD4 /* QTKit.framework */ = {isa = PBXFileReference; lastKnownFileType = wrapper.framework; name = QTKit.framework; path = /System/Library/Frameworks/QTKit.framework; sourceTree = "<absolute>"; };
		E7E46CFF180ECA1A00220F7C /* Scene.cpp */ = {isa = PBXFileReference; fileEncoding = 4; lastKnownFileType = sourcecode.cpp.cpp; path = Scene.cpp; sourceTree = "<group>"; };
		E7E46D00180ECA1A00220F7C /* Scene.h */ = {isa = PBXFileReference; fileEncoding = 4; lastKnownFileType = sourcecode.c.h; path = Scene.h; sourceTree = "<group>"; };
		E7E46D02180ECB3500220F7C /* SceneObject.cpp */ = {isa = PBXFileReference; fileEncoding = 4; lastKnownFileType = sourcecode.cpp.cpp; path = SceneObject.cpp; sourceTree = "<group>"; };
		E7E46D03180ECB3500220F7C /* SceneObject.h */ = {isa = PBXFileReference; fileEncoding = 4; lastKnownFileType = sourcecode.c.h; path = SceneObject.h; sourceTree = "<group>"; };
		E7E46D05180ECC5900220F7C /* GridObject.cpp */ = {isa = PBXFileReference; fileEncoding = 4; lastKnownFileType = sourcecode.cpp.cpp; path = GridObject.cpp; sourceTree = "<group>"; };
		E7E46D06180ECC5A00220F7C /* GridObject.h */ = {isa = PBXFileReference; fileEncoding = 4; lastKnownFileType = sourcecode.c.h; path = GridObject.h; sourceTree = "<group>"; };
		E7E46D08180ED24400220F7C /* LightObject.cpp */ = {isa = PBXFileReference; fileEncoding = 4; lastKnownFileType = sourcecode.cpp.cpp; path = LightObject.cpp; sourceTree = "<group>"; };
		E7E46D09180ED24400220F7C /* LightObject.h */ = {isa = PBXFileReference; fileEncoding = 4; lastKnownFileType = sourcecode.c.h; path = LightObject.h; sourceTree = "<group>"; };
		E7E46D7E180EE8FF00220F7C /* ofxSosoRenderer.cpp */ = {isa = PBXFileReference; fileEncoding = 4; lastKnownFileType = sourcecode.cpp.cpp; path = ofxSosoRenderer.cpp; sourceTree = "<group>"; };
		E7E46D7F180EE8FF00220F7C /* ofxSosoRenderer.h */ = {isa = PBXFileReference; fileEncoding = 4; lastKnownFileType = sourcecode.c.h; path = ofxSosoRenderer.h; sourceTree = "<group>"; };
		E7E46D81180EFD4500220F7C /* InteractiveSceneObject.cpp */ = {isa = PBXFileReference; fileEncoding = 4; lastKnownFileType = sourcecode.cpp.cpp; path = InteractiveSceneObject.cpp; sourceTree = "<group>"; };
		E7E46D82180EFD4500220F7C /* InteractiveSceneObject.h */ = {isa = PBXFileReference; fileEncoding = 4; lastKnownFileType = sourcecode.c.h; path = InteractiveSceneObject.h; sourceTree = "<group>"; };
		E7ED6CA51817C8EA005F690A /* Animator.cpp */ = {isa = PBXFileReference; fileEncoding = 4; lastKnownFileType = sourcecode.cpp.cpp; path = Animator.cpp; sourceTree = "<group>"; };
		E7ED6CA61817C8EA005F690A /* Animator.h */ = {isa = PBXFileReference; fileEncoding = 4; lastKnownFileType = sourcecode.c.h; path = Animator.h; sourceTree = "<group>"; };
		E7ED6CA81817E433005F690A /* SceneManager.cpp */ = {isa = PBXFileReference; fileEncoding = 4; lastKnownFileType = sourcecode.cpp.cpp; path = SceneManager.cpp; sourceTree = "<group>"; };
		E7ED6CA91817E433005F690A /* SceneManager.h */ = {isa = PBXFileReference; fileEncoding = 4; lastKnownFileType = sourcecode.c.h; path = SceneManager.h; sourceTree = "<group>"; };
		E7ED6CAC1818274E005F690A /* AnimationPickerGui.cpp */ = {isa = PBXFileReference; fileEncoding = 4; lastKnownFileType = sourcecode.cpp.cpp; path = AnimationPickerGui.cpp; sourceTree = "<group>"; };
		E7ED6CAD1818274E005F690A /* AnimationPickerGui.h */ = {isa = PBXFileReference; fileEncoding = 4; lastKnownFileType = sourcecode.c.h; path = AnimationPickerGui.h; sourceTree = "<group>"; };
		E7F314A4183D151E007772A2 /* EffectFullStrob.cpp */ = {isa = PBXFileReference; fileEncoding = 4; lastKnownFileType = sourcecode.cpp.cpp; path = EffectFullStrob.cpp; sourceTree = "<group>"; };
		E7F314A5183D151E007772A2 /* EffectFullStrob.h */ = {isa = PBXFileReference; fileEncoding = 4; lastKnownFileType = sourcecode.c.h; path = EffectFullStrob.h; sourceTree = "<group>"; };
		E7F314A7183E5311007772A2 /* AnimatorManager.cpp */ = {isa = PBXFileReference; fileEncoding = 4; lastKnownFileType = sourcecode.cpp.cpp; path = AnimatorManager.cpp; sourceTree = "<group>"; };
		E7F314A8183E5311007772A2 /* AnimatorManager.h */ = {isa = PBXFileReference; fileEncoding = 4; lastKnownFileType = sourcecode.c.h; path = AnimatorManager.h; sourceTree = "<group>"; };
		E7F314AA183FA7FF007772A2 /* FboMerger.cpp */ = {isa = PBXFileReference; fileEncoding = 4; lastKnownFileType = sourcecode.cpp.cpp; path = FboMerger.cpp; sourceTree = "<group>"; };
		E7F314AB183FA7FF007772A2 /* FboMerger.h */ = {isa = PBXFileReference; fileEncoding = 4; lastKnownFileType = sourcecode.c.h; path = FboMerger.h; sourceTree = "<group>"; };
		E7F985F515E0DE99003869B5 /* Accelerate.framework */ = {isa = PBXFileReference; lastKnownFileType = wrapper.framework; name = Accelerate.framework; path = /System/Library/Frameworks/Accelerate.framework; sourceTree = "<absolute>"; };
		EA20FFB8733DBC4A38F05AAF /* ofxUIRectangle.h */ = {isa = PBXFileReference; explicitFileType = sourcecode.c.h; fileEncoding = 30; name = ofxUIRectangle.h; path = "../../../addons/ofxUI-master/src/ofxUIRectangle.h"; sourceTree = SOURCE_ROOT; };
		EF69AABECA1CA43602F1AF18 /* ofxUISlider.h */ = {isa = PBXFileReference; explicitFileType = sourcecode.c.h; fileEncoding = 30; name = ofxUISlider.h; path = "../../../addons/ofxUI-master/src/ofxUISlider.h"; sourceTree = SOURCE_ROOT; };
		F7258E6F61EF1960F90221EA /* ofxUIOFWrapper.h */ = {isa = PBXFileReference; explicitFileType = sourcecode.c.h; fileEncoding = 30; name = ofxUIOFWrapper.h; path = "../../../addons/ofxUI-master/src/ofxUIOFWrapper.h"; sourceTree = SOURCE_ROOT; };
		F9DC14153B710F57AAC21B63 /* ofxUILabelToggle.h */ = {isa = PBXFileReference; explicitFileType = sourcecode.c.h; fileEncoding = 30; name = ofxUILabelToggle.h; path = "../../../addons/ofxUI-master/src/ofxUILabelToggle.h"; sourceTree = SOURCE_ROOT; };
		FC5DA1C87211D4F6377DA719 /* tinyxmlparser.cpp */ = {isa = PBXFileReference; explicitFileType = sourcecode.cpp.cpp; fileEncoding = 30; name = tinyxmlparser.cpp; path = ../../../addons/ofxXmlSettings/libs/tinyxmlparser.cpp; sourceTree = SOURCE_ROOT; };
		FD59C6D9B7A6F373A6B87E71 /* ofxUIImageButton.h */ = {isa = PBXFileReference; explicitFileType = sourcecode.c.h; fileEncoding = 30; name = ofxUIImageButton.h; path = "../../../addons/ofxUI-master/src/ofxUIImageButton.h"; sourceTree = SOURCE_ROOT; };
		FE6040A57D38A0A95FA711DD /* ofxUI2DPad.h */ = {isa = PBXFileReference; explicitFileType = sourcecode.c.h; fileEncoding = 30; name = ofxUI2DPad.h; path = "../../../addons/ofxUI-master/src/ofxUI2DPad.h"; sourceTree = SOURCE_ROOT; };
/* End PBXFileReference section */

/* Begin PBXFrameworksBuildPhase section */
		E4B69B590A3A1756003C02F2 /* Frameworks */ = {
			isa = PBXFrameworksBuildPhase;
			buildActionMask = 2147483647;
			files = (
				E7F985F815E0DEA3003869B5 /* Accelerate.framework in Frameworks */,
				E7E077E815D3B6510020DFD4 /* QTKit.framework in Frameworks */,
				E4EB6799138ADC1D00A09F29 /* GLUT.framework in Frameworks */,
				E4328149138ABC9F0047C5CB /* openFrameworksDebug.a in Frameworks */,
				E45BE97B0E8CC7DD009D7055 /* AGL.framework in Frameworks */,
				E45BE97C0E8CC7DD009D7055 /* ApplicationServices.framework in Frameworks */,
				E45BE97D0E8CC7DD009D7055 /* AudioToolbox.framework in Frameworks */,
				E45BE97E0E8CC7DD009D7055 /* Carbon.framework in Frameworks */,
				E45BE97F0E8CC7DD009D7055 /* CoreAudio.framework in Frameworks */,
				E45BE9800E8CC7DD009D7055 /* CoreFoundation.framework in Frameworks */,
				E45BE9810E8CC7DD009D7055 /* CoreServices.framework in Frameworks */,
				E45BE9830E8CC7DD009D7055 /* OpenGL.framework in Frameworks */,
				E45BE9840E8CC7DD009D7055 /* QuickTime.framework in Frameworks */,
				E4C2424710CC5A17004149E2 /* AppKit.framework in Frameworks */,
				E4C2424810CC5A17004149E2 /* Cocoa.framework in Frameworks */,
				E4C2424910CC5A17004149E2 /* IOKit.framework in Frameworks */,
				E7E077E515D3B63C0020DFD4 /* CoreVideo.framework in Frameworks */,
			);
			runOnlyForDeploymentPostprocessing = 0;
		};
/* End PBXFrameworksBuildPhase section */

/* Begin PBXGroup section */
		02EB0C15343B25BD7B296EF4 /* ofxUI-master */ = {
			isa = PBXGroup;
			children = (
				07A6A4B9FF508295C6BCDC0A /* src */,
			);
			name = "ofxUI-master";
			sourceTree = "<group>";
		};
		07A6A4B9FF508295C6BCDC0A /* src */ = {
			isa = PBXGroup;
			children = (
				E7CD0A921822AC9C00640551 /* ofxUIHsbPicker.h */,
				871A1E875C0BE94E06354004 /* ofxUI.h */,
				7215893501A0C2FBFA621356 /* ofxUI2DGraph.h */,
				FE6040A57D38A0A95FA711DD /* ofxUI2DPad.h */,
				1A1B9E7A2C1E689BF66EDC0D /* ofxUIBaseDraws.h */,
				4D9895822D2E61FCD8C51566 /* ofxUIBiLabelSlider.h */,
				28727A46DA99D148785FC592 /* ofxUIButton.h */,
				D2A4D355CF78D9DF6DDC81FF /* ofxUICanvas.h */,
				57BB218612ECBA49B71A5EDC /* ofxUICircleSlider.h */,
				86D35831FC0594EF8369EB8B /* ofxUICustomImageButton.h */,
				07C73BF519C251ACCC635946 /* ofxUIDropDownList.h */,
				10F17FAF4817F1874ABED22D /* ofxUIEventArgs.h */,
				3C680841DF951207337A7786 /* ofxUIFPS.h */,
				4722CB3820701B33DBA35825 /* ofxUIFPSSlider.h */,
				2A728E2A511B193FD1EA8683 /* ofxUIImage.h */,
				E78C3B4D18213BB80079C909 /* ofxUIFbo.h */,
				FD59C6D9B7A6F373A6B87E71 /* ofxUIImageButton.h */,
				AF5716467C4A26D9BEE3E7EE /* ofxUIImageSampler.h */,
				0B015897B2EF0C5847C1BC45 /* ofxUIImageSlider.h */,
				B868636689A0A6084289D221 /* ofxUIImageToggle.h */,
				6E043813BDB8B595FA27B3F5 /* ofxUIIntSlider.h */,
				10D9BE90BCDD2E3B01CF2C72 /* ofxUILabel.h */,
				3B490399FEAF3285CDCA2FC6 /* ofxUILabelButton.h */,
				F9DC14153B710F57AAC21B63 /* ofxUILabelToggle.h */,
				6A24852BDB75B52E01D94AD7 /* ofxUIMinimalSlider.h */,
				AC43BC598430E5A01EB44104 /* ofxUIMovingGraph.h */,
				985C6A2EDD0090DB65FFD5C8 /* ofxUIMultiImageButton.h */,
				3CBD9FA30C55326204F9AF17 /* ofxUIMultiImageSlider.h */,
				7CF61688EC44D6287BC90A6A /* ofxUIMultiImageToggle.h */,
				C5CC52B3EE1E52541163B1E6 /* ofxUINumberDialer.h */,
				F7258E6F61EF1960F90221EA /* ofxUIOFWrapper.h */,
				A83F1124EEB0DE13B18691E3 /* ofxUIRadio.h */,
				7B63BC0F5BB962F83736A27D /* ofxUIRangeSlider.h */,
				EA20FFB8733DBC4A38F05AAF /* ofxUIRectangle.h */,
				417CC9872D9DA8953D00E1F6 /* ofxUIRotarySlider.h */,
				4C93544FAFFA81730A05A8FF /* ofxUIScrollableCanvas.h */,
				EF69AABECA1CA43602F1AF18 /* ofxUISlider.h */,
				E7145B85E46ECBE3A96BFF36 /* ofxUISpacer.h */,
				ADE92C61343863DC7AA52D15 /* ofxUISpectrum.h */,
				C00DE7A35D36536AF756EEFA /* ofxUISuperCanvas.h */,
				3F4066615A6A69699E737D78 /* ofxUITabBar.h */,
				9FA328DD414ADCC0B2300C55 /* ofxUITextArea.h */,
				A59629B72C9DA5AA7C864E16 /* ofxUITextInput.h */,
				28BF014372BFFDF554F64EEE /* ofxUIToggle.h */,
				6BB338B64AD6F10761B8A5FC /* ofxUIToggleMatrix.h */,
				34AB8B06D3B578D72694A50B /* ofxUIUtils.h */,
				1C90779338481A21FB735ABF /* ofxUIValuePlotter.h */,
				DF63A1E503761ECE0A7C66A1 /* ofxUIWaveform.h */,
				3BCF11B140C03D19302CE111 /* ofxUIWidget.h */,
				7964F850CA58078A6F964232 /* ofxUIWidgetWithLabel.h */,
			);
			name = src;
			sourceTree = "<group>";
		};
		1F4FB5C423662B96ADFDCC0B /* ofxXmlSettings */ = {
			isa = PBXGroup;
			children = (
				6ECEF0D76BC33727823EADFF /* src */,
				6E54289412D2D94F45A05113 /* libs */,
			);
			name = ofxXmlSettings;
			sourceTree = "<group>";
		};
		6E54289412D2D94F45A05113 /* libs */ = {
			isa = PBXGroup;
			children = (
				2B40EDA85BEB63E46785BC29 /* tinyxml.cpp */,
				B21E7E5F548EEA92F368040B /* tinyxml.h */,
				832BDC407620CDBA568B713D /* tinyxmlerror.cpp */,
				FC5DA1C87211D4F6377DA719 /* tinyxmlparser.cpp */,
			);
			name = libs;
			sourceTree = "<group>";
		};
		6ECEF0D76BC33727823EADFF /* src */ = {
			isa = PBXGroup;
			children = (
				50DF87D612C5AAE17AAFA6C0 /* ofxXmlSettings.cpp */,
				01DCC0911400F9ACF5B65578 /* ofxXmlSettings.h */,
			);
			name = src;
			sourceTree = "<group>";
		};
		9C10541A7618D99B3938950F /* ofxDmx */ = {
			isa = PBXGroup;
			children = (
				D3C1D2B97FD177D0ACC65268 /* src */,
			);
			name = ofxDmx;
			sourceTree = "<group>";
		};
		BB4B014C10F69532006C3DED /* addons */ = {
			isa = PBXGroup;
			children = (
				E72E5ABE183631F4006324DE /* ofxTimer-master */,
				E747B4B31834D41F00AFCAB8 /* ofxHttpUtils */,
				E70F494D18152BBC000E312C /* ofxTween-master */,
				E70F492B18117961000E312C /* ofxModifierKeys-master */,
				E7683509180E958600709A0A /* ofxSoundManager */,
				1F4FB5C423662B96ADFDCC0B /* ofxXmlSettings */,
				9C10541A7618D99B3938950F /* ofxDmx */,
				02EB0C15343B25BD7B296EF4 /* ofxUI-master */,
			);
			name = addons;
			sourceTree = "<group>";
		};
		BBAB23C913894ECA00AA2426 /* system frameworks */ = {
			isa = PBXGroup;
			children = (
				E7F985F515E0DE99003869B5 /* Accelerate.framework */,
				E4C2424410CC5A17004149E2 /* AppKit.framework */,
				E4C2424510CC5A17004149E2 /* Cocoa.framework */,
				E4C2424610CC5A17004149E2 /* IOKit.framework */,
				E45BE9710E8CC7DD009D7055 /* AGL.framework */,
				E45BE9720E8CC7DD009D7055 /* ApplicationServices.framework */,
				E45BE9730E8CC7DD009D7055 /* AudioToolbox.framework */,
				E45BE9740E8CC7DD009D7055 /* Carbon.framework */,
				E45BE9750E8CC7DD009D7055 /* CoreAudio.framework */,
				E45BE9760E8CC7DD009D7055 /* CoreFoundation.framework */,
				E45BE9770E8CC7DD009D7055 /* CoreServices.framework */,
				E45BE9790E8CC7DD009D7055 /* OpenGL.framework */,
				E45BE97A0E8CC7DD009D7055 /* QuickTime.framework */,
				E7E077E415D3B63C0020DFD4 /* CoreVideo.framework */,
				E7E077E715D3B6510020DFD4 /* QTKit.framework */,
			);
			name = "system frameworks";
			sourceTree = "<group>";
		};
		BBAB23CA13894EDB00AA2426 /* 3rd party frameworks */ = {
			isa = PBXGroup;
			children = (
				BBAB23BE13894E4700AA2426 /* GLUT.framework */,
			);
			name = "3rd party frameworks";
			sourceTree = "<group>";
		};
		D3C1D2B97FD177D0ACC65268 /* src */ = {
			isa = PBXGroup;
			children = (
				435636905F1CDAC0B05976DD /* ofxDmx.cpp */,
				280D08C3289D60869BDAF7A6 /* ofxDmx.h */,
			);
			name = src;
			sourceTree = "<group>";
		};
		E4328144138ABC890047C5CB /* Products */ = {
			isa = PBXGroup;
			children = (
				E4328148138ABC890047C5CB /* openFrameworksDebug.a */,
			);
			name = Products;
			sourceTree = "<group>";
		};
		E45BE5980E8CC70C009D7055 /* frameworks */ = {
			isa = PBXGroup;
			children = (
				BBAB23CA13894EDB00AA2426 /* 3rd party frameworks */,
				BBAB23C913894ECA00AA2426 /* system frameworks */,
			);
			name = frameworks;
			sourceTree = "<group>";
		};
		E4B69B4A0A3A1720003C02F2 = {
			isa = PBXGroup;
			children = (
				E7520EF3182AAF4A002BA931 /* icon.icns */,
				E4B6FCAD0C3E899E008CF71C /* openFrameworks-Info.plist */,
				E4EB6923138AFD0F00A09F29 /* Project.xcconfig */,
				E4B69E1C0A3A1BDC003C02F2 /* src */,
				E4EEC9E9138DF44700A80321 /* openFrameworks */,
				BB4B014C10F69532006C3DED /* addons */,
				E45BE5980E8CC70C009D7055 /* frameworks */,
				E4B69B5B0A3A1756003C02F2 /* SucreDebug.app */,
			);
			sourceTree = "<group>";
		};
		E4B69E1C0A3A1BDC003C02F2 /* src */ = {
			isa = PBXGroup;
			children = (
				E7DCC7B0183A7F5700FD209E /* utils */,
				E75AD45118294F150023EC25 /* effects */,
				E7D7E315182908170051A235 /* dmx */,
				E70F49AC18152E1D000E312C /* data */,
				E7E46CFE180EC9D500220F7C /* Scene */,
				E7683526180E976700709A0A /* Globals.cpp */,
				E7683527180E976700709A0A /* Globals.h */,
				E76834FB180E921300709A0A /* GUI */,
				E4B69E1E0A3A1BDC003C02F2 /* testApp.cpp */,
				E4B69E1F0A3A1BDC003C02F2 /* testApp.h */,
				E7ED6CA51817C8EA005F690A /* Animator.cpp */,
				E7ED6CA61817C8EA005F690A /* Animator.h */,
				E7F314A7183E5311007772A2 /* AnimatorManager.cpp */,
				E7F314A8183E5311007772A2 /* AnimatorManager.h */,
			);
			path = src;
			sourceTree = SOURCE_ROOT;
		};
		E4EEC9E9138DF44700A80321 /* openFrameworks */ = {
			isa = PBXGroup;
			children = (
				E4EB691F138AFCF100A09F29 /* CoreOF.xcconfig */,
				E4328143138ABC890047C5CB /* openFrameworksLib.xcodeproj */,
			);
			name = openFrameworks;
			sourceTree = "<group>";
		};
		E70F492B18117961000E312C /* ofxModifierKeys-master */ = {
			isa = PBXGroup;
			children = (
				E70F492C18117961000E312C /* .gitignore */,
				E70F493F18117961000E312C /* src */,
			);
			name = "ofxModifierKeys-master";
			path = "../../../addons/ofxModifierKeys-master";
			sourceTree = "<group>";
		};
		E70F493F18117961000E312C /* src */ = {
			isa = PBXGroup;
			children = (
				E70F494018117962000E312C /* ofxModifierKeys.h */,
				E70F494118117962000E312C /* ofxModifierKeys_impl_linux.cpp */,
				E70F494218117962000E312C /* ofxModifierKeys_impl_mac.mm */,
				E70F494318117962000E312C /* ofxModifierKeys_impl_win.cpp */,
			);
			path = src;
			sourceTree = "<group>";
		};
		E70F494D18152BBC000E312C /* ofxTween-master */ = {
			isa = PBXGroup;
			children = (
				E70F496F18152BBC000E312C /* src */,
			);
			name = "ofxTween-master";
			path = "../../../addons/ofxTween-master";
			sourceTree = "<group>";
		};
		E70F496F18152BBC000E312C /* src */ = {
			isa = PBXGroup;
			children = (
				E70F497018152BBC000E312C /* Easings */,
				E70F498A18152BBC000E312C /* ofxTween.cpp */,
				E70F498B18152BBC000E312C /* ofxTween.h */,
			);
			path = src;
			sourceTree = "<group>";
		};
		E70F497018152BBC000E312C /* Easings */ = {
			isa = PBXGroup;
			children = (
				E70F497118152BBC000E312C /* easing_terms_of_use.html */,
				E70F497218152BBC000E312C /* ofxEasing.cpp */,
				E70F497318152BBC000E312C /* ofxEasing.h */,
				E70F497418152BBC000E312C /* ofxEasingBack.cpp */,
				E70F497518152BBC000E312C /* ofxEasingBack.h */,
				E70F497618152BBC000E312C /* ofxEasingBounce.cpp */,
				E70F497718152BBC000E312C /* ofxEasingBounce.h */,
				E70F497818152BBC000E312C /* ofxEasingCirc.cpp */,
				E70F497918152BBC000E312C /* ofxEasingCirc.h */,
				E70F497A18152BBC000E312C /* ofxEasingCubic.cpp */,
				E70F497B18152BBC000E312C /* ofxEasingCubic.h */,
				E70F497C18152BBC000E312C /* ofxEasingElastic.cpp */,
				E70F497D18152BBC000E312C /* ofxEasingElastic.h */,
				E70F497E18152BBC000E312C /* ofxEasingExpo.cpp */,
				E70F497F18152BBC000E312C /* ofxEasingExpo.h */,
				E70F498018152BBC000E312C /* ofxEasingLinear.cpp */,
				E70F498118152BBC000E312C /* ofxEasingLinear.h */,
				E70F498218152BBC000E312C /* ofxEasingQuad.cpp */,
				E70F498318152BBC000E312C /* ofxEasingQuad.h */,
				E70F498418152BBC000E312C /* ofxEasingQuart.cpp */,
				E70F498518152BBC000E312C /* ofxEasingQuart.h */,
				E70F498618152BBC000E312C /* ofxEasingQuint.cpp */,
				E70F498718152BBC000E312C /* ofxEasingQuint.h */,
				E70F498818152BBC000E312C /* ofxEasingSine.cpp */,
				E70F498918152BBC000E312C /* ofxEasingSine.h */,
			);
			path = Easings;
			sourceTree = "<group>";
		};
		E70F49AC18152E1D000E312C /* data */ = {
			isa = PBXGroup;
			children = (
				E70F48C9181020CB000E312C /* DataManager.cpp */,
				E70F48CA181020CB000E312C /* DataManager.h */,
				E70F49AE18152E2F000E312C /* LightDataObject.h */,
				E70F49B0181556FA000E312C /* AnimationDataObject.cpp */,
				E70F49B1181556FA000E312C /* AnimationDataObject.h */,
				E70F49B318155C2B000E312C /* AnimationDataManager.cpp */,
				E70F49B418155C2B000E312C /* AnimationDataManager.h */,
				E72E5AC318365EF1006324DE /* ColorDataObject.cpp */,
				E72E5AC418365EF1006324DE /* ColorDataObject.h */,
				E7AF153D1846274F00B23751 /* AutomaticMode.cpp */,
				E7AF153E1846274F00B23751 /* AutomaticMode.h */,
			);
			name = data;
			sourceTree = "<group>";
		};
		E72E5ABE183631F4006324DE /* ofxTimer-master */ = {
			isa = PBXGroup;
			children = (
				E72E5ABF183631F4006324DE /* src */,
			);
			name = "ofxTimer-master";
			path = "../../../addons/ofxTimer-master";
			sourceTree = "<group>";
		};
		E72E5ABF183631F4006324DE /* src */ = {
			isa = PBXGroup;
			children = (
				E72E5AC0183631F4006324DE /* ofxTimer.cpp */,
				E72E5AC1183631F4006324DE /* ofxTimer.h */,
			);
			path = src;
			sourceTree = "<group>";
		};
		E747B4B31834D41F00AFCAB8 /* ofxHttpUtils */ = {
			isa = PBXGroup;
			children = (
				E747B4C11834D41F00AFCAB8 /* src */,
			);
			name = ofxHttpUtils;
			path = ../../../addons/ofxHttpUtils;
			sourceTree = "<group>";
		};
		E747B4C11834D41F00AFCAB8 /* src */ = {
			isa = PBXGroup;
			children = (
				E747B4C21834D41F00AFCAB8 /* ofxHttpTypes.h */,
				E747B4C31834D41F00AFCAB8 /* ofxHttpUtils.cpp */,
				E747B4C41834D41F00AFCAB8 /* ofxHttpUtils.h */,
			);
			path = src;
			sourceTree = "<group>";
		};
		E75AD45118294F150023EC25 /* effects */ = {
			isa = PBXGroup;
			children = (
				E75AD45218294F200023EC25 /* EffectsManager.cpp */,
				E75AD45318294F200023EC25 /* EffectsManager.h */,
				E75AD45518294FB70023EC25 /* AbstractEffect.cpp */,
				E75AD45618294FB70023EC25 /* AbstractEffect.h */,
				E75AD4581829504A0023EC25 /* EffectStrob.cpp */,
				E75AD4591829504A0023EC25 /* EffectStrob.h */,
				E791E7B1182A46D5006EA408 /* EffectSoundReactive.cpp */,
				E791E7B2182A46D5006EA408 /* EffectSoundReactive.h */,
				E7F314A4183D151E007772A2 /* EffectFullStrob.cpp */,
				E7F314A5183D151E007772A2 /* EffectFullStrob.h */,
			);
			name = effects;
			sourceTree = "<group>";
		};
		E76834FB180E921300709A0A /* GUI */ = {
			isa = PBXGroup;
			children = (
				E76834FC180E921F00709A0A /* GuiManager.cpp */,
				E76834FD180E921F00709A0A /* GuiManager.h */,
				E70F48B9180FEB7C000E312C /* InspectorGui.cpp */,
				E70F48BA180FEB7C000E312C /* InspectorGui.h */,
				E70F48BC180FEBDF000E312C /* LiveGui.cpp */,
				E70F48BD180FEBDF000E312C /* LiveGui.h */,
				E70F48C3181001DA000E312C /* Selector.h */,
				E70F48C518101610000E312C /* ConfigGui.cpp */,
				E70F48C618101610000E312C /* ConfigGui.h */,
				E70F49B618156111000E312C /* EditorGui.cpp */,
				E70F49B718156111000E312C /* EditorGui.h */,
				E783F3AC1815736400CFF43E /* EditorInspectorGui.cpp */,
				E783F3AD1815736400CFF43E /* EditorInspectorGui.h */,
				E7ED6CAC1818274E005F690A /* AnimationPickerGui.cpp */,
				E7ED6CAD1818274E005F690A /* AnimationPickerGui.h */,
				E72E5AB818362F74006324DE /* AlertManager.cpp */,
				E72E5AB918362F74006324DE /* AlertManager.h */,
				E72E5ABB18362F7F006324DE /* Alert.cpp */,
				E72E5ABC18362F7F006324DE /* Alert.h */,
				E4B69E1D0A3A1BDC003C02F2 /* main.cpp */,
				E7DCC7AC18367C7A00FD209E /* ColorPickerGui.cpp */,
				E7DCC7AD18367C7A00FD209E /* ColorPickerGui.h */,
			);
			name = GUI;
			sourceTree = "<group>";
		};
		E7683509180E958600709A0A /* ofxSoundManager */ = {
			isa = PBXGroup;
			children = (
				E7683514180E95B900709A0A /* libs */,
				E7683519180E95B900709A0A /* src */,
			);
			name = ofxSoundManager;
			path = ../../../addons/ofxSoundManager;
			sourceTree = "<group>";
		};
		E7683514180E95B900709A0A /* libs */ = {
			isa = PBXGroup;
			children = (
				E7683515180E95B900709A0A /* fft.cpp */,
				E7683516180E95B900709A0A /* fft.h */,
				E7683517180E95B900709A0A /* fftOctaveAnalyzer.cpp */,
				E7683518180E95B900709A0A /* fftOctaveAnalyzer.h */,
			);
			path = libs;
			sourceTree = "<group>";
		};
		E7683519180E95B900709A0A /* src */ = {
			isa = PBXGroup;
			children = (
				E768351A180E95B900709A0A /* ofxEQ.cpp */,
				E768351B180E95B900709A0A /* ofxEQ.h */,
				E768351C180E95B900709A0A /* ofxSoundManager.cpp */,
				E768351D180E95B900709A0A /* ofxSoundManager.h */,
			);
			path = src;
			sourceTree = "<group>";
		};
		E7D7E315182908170051A235 /* dmx */ = {
			isa = PBXGroup;
			children = (
				E7D7E316182908220051A235 /* DMXManager.cpp */,
				E7D7E317182908220051A235 /* DMXManager.h */,
			);
			name = dmx;
			sourceTree = "<group>";
		};
		E7DCC7B0183A7F5700FD209E /* utils */ = {
			isa = PBXGroup;
			children = (
				E7DCC7B1183A7F6900FD209E /* TweenableColor.cpp */,
				E7DCC7B2183A7F6900FD209E /* TweenableColor.h */,
				E7F314AA183FA7FF007772A2 /* FboMerger.cpp */,
				E7F314AB183FA7FF007772A2 /* FboMerger.h */,
			);
			name = utils;
			sourceTree = "<group>";
		};
		E7E46CFE180EC9D500220F7C /* Scene */ = {
			isa = PBXGroup;
			children = (
				E7E46D7E180EE8FF00220F7C /* ofxSosoRenderer.cpp */,
				E7E46D7F180EE8FF00220F7C /* ofxSosoRenderer.h */,
				E7E46CFF180ECA1A00220F7C /* Scene.cpp */,
				E7E46D00180ECA1A00220F7C /* Scene.h */,
				E7E46D02180ECB3500220F7C /* SceneObject.cpp */,
				E7E46D03180ECB3500220F7C /* SceneObject.h */,
				E7E46D05180ECC5900220F7C /* GridObject.cpp */,
				E7E46D06180ECC5A00220F7C /* GridObject.h */,
				E7E46D08180ED24400220F7C /* LightObject.cpp */,
				E7E46D09180ED24400220F7C /* LightObject.h */,
				E7E46D81180EFD4500220F7C /* InteractiveSceneObject.cpp */,
				E7E46D82180EFD4500220F7C /* InteractiveSceneObject.h */,
				E70F48C0180FF550000E312C /* SceneObjectEvent.h */,
				E7ED6CA81817E433005F690A /* SceneManager.cpp */,
				E7ED6CA91817E433005F690A /* SceneManager.h */,
				E7CD0A931822C08000640551 /* ColorManager.cpp */,
				E7CD0A941822C08000640551 /* ColorManager.h */,
			);
			name = Scene;
			sourceTree = "<group>";
		};
/* End PBXGroup section */

/* Begin PBXNativeTarget section */
		E4B69B5A0A3A1756003C02F2 /* Sucre */ = {
			isa = PBXNativeTarget;
			buildConfigurationList = E4B69B5F0A3A1757003C02F2 /* Build configuration list for PBXNativeTarget "Sucre" */;
			buildPhases = (
				E4B69B580A3A1756003C02F2 /* Sources */,
				E4B69B590A3A1756003C02F2 /* Frameworks */,
				E4B6FFFD0C3F9AB9008CF71C /* ShellScript */,
				E4C2427710CC5ABF004149E2 /* CopyFiles */,
				E7520EF5182AB4BE002BA931 /* Resources */,
			);
			buildRules = (
			);
			dependencies = (
				E4EEB9AC138B136A00A80321 /* PBXTargetDependency */,
			);
			name = Sucre;
			productName = myOFApp;
			productReference = E4B69B5B0A3A1756003C02F2 /* SucreDebug.app */;
			productType = "com.apple.product-type.application";
		};
/* End PBXNativeTarget section */

/* Begin PBXProject section */
		E4B69B4C0A3A1720003C02F2 /* Project object */ = {
			isa = PBXProject;
			attributes = {
				LastUpgradeCheck = 0460;
			};
			buildConfigurationList = E4B69B4D0A3A1720003C02F2 /* Build configuration list for PBXProject "Sucre" */;
			compatibilityVersion = "Xcode 3.2";
			developmentRegion = English;
			hasScannedForEncodings = 0;
			knownRegions = (
				English,
				Japanese,
				French,
				German,
			);
			mainGroup = E4B69B4A0A3A1720003C02F2;
			productRefGroup = E4B69B4A0A3A1720003C02F2;
			projectDirPath = "";
			projectReferences = (
				{
					ProductGroup = E4328144138ABC890047C5CB /* Products */;
					ProjectRef = E4328143138ABC890047C5CB /* openFrameworksLib.xcodeproj */;
				},
			);
			projectRoot = "";
			targets = (
				E4B69B5A0A3A1756003C02F2 /* Sucre */,
			);
		};
/* End PBXProject section */

/* Begin PBXReferenceProxy section */
		E4328148138ABC890047C5CB /* openFrameworksDebug.a */ = {
			isa = PBXReferenceProxy;
			fileType = archive.ar;
			path = openFrameworksDebug.a;
			remoteRef = E4328147138ABC890047C5CB /* PBXContainerItemProxy */;
			sourceTree = BUILT_PRODUCTS_DIR;
		};
/* End PBXReferenceProxy section */

/* Begin PBXResourcesBuildPhase section */
		E7520EF5182AB4BE002BA931 /* Resources */ = {
			isa = PBXResourcesBuildPhase;
			buildActionMask = 2147483647;
			files = (
				E7520EF6182AB4C1002BA931 /* icon.icns in Resources */,
			);
			runOnlyForDeploymentPostprocessing = 0;
		};
/* End PBXResourcesBuildPhase section */

/* Begin PBXShellScriptBuildPhase section */
		E4B6FFFD0C3F9AB9008CF71C /* ShellScript */ = {
			isa = PBXShellScriptBuildPhase;
			buildActionMask = 2147483647;
			files = (
			);
			inputPaths = (
			);
			outputPaths = (
			);
			runOnlyForDeploymentPostprocessing = 0;
			shellPath = /bin/sh;
			shellScript = "cp -f ../../../libs/fmodex/lib/osx/libfmodex.dylib \"$TARGET_BUILD_DIR/$PRODUCT_NAME.app/Contents/MacOS/libfmodex.dylib\"; install_name_tool -change ./libfmodex.dylib @executable_path/libfmodex.dylib \"$TARGET_BUILD_DIR/$PRODUCT_NAME.app/Contents/MacOS/$PRODUCT_NAME\";\nmkdir -p \"$TARGET_BUILD_DIR/$PRODUCT_NAME.app/Contents/Resources/\"\ncp -f \"$ICON_FILE\" \"$TARGET_BUILD_DIR/$PRODUCT_NAME.app/Contents/Resources/\"\n";
		};
/* End PBXShellScriptBuildPhase section */

/* Begin PBXSourcesBuildPhase section */
		E4B69B580A3A1756003C02F2 /* Sources */ = {
			isa = PBXSourcesBuildPhase;
			buildActionMask = 2147483647;
			files = (
				E70F499218152BF7000E312C /* ofxEasing.cpp in Sources */,
				E7DCC7AE18367C7A00FD209E /* ColorPickerGui.cpp in Sources */,
				E70F499318152BF7000E312C /* ofxEasing.h in Sources */,
				E70F499418152BF7000E312C /* ofxEasingBack.cpp in Sources */,
				E70F499518152BF7000E312C /* ofxEasingBack.h in Sources */,
				E75AD45418294F200023EC25 /* EffectsManager.cpp in Sources */,
				E70F499618152BF7000E312C /* ofxEasingBounce.cpp in Sources */,
				E70F499718152BF7000E312C /* ofxEasingBounce.h in Sources */,
				E70F499818152BF7000E312C /* ofxEasingCirc.cpp in Sources */,
				E70F499918152BF7000E312C /* ofxEasingCirc.h in Sources */,
				E70F499A18152BF7000E312C /* ofxEasingCubic.cpp in Sources */,
				E70F499B18152BF7000E312C /* ofxEasingCubic.h in Sources */,
				E70F49B518155C2B000E312C /* AnimationDataManager.cpp in Sources */,
				E70F499C18152BF7000E312C /* ofxEasingElastic.cpp in Sources */,
				E7F314A9183E5311007772A2 /* AnimatorManager.cpp in Sources */,
				E7F314A6183D151E007772A2 /* EffectFullStrob.cpp in Sources */,
				E70F499D18152BF7000E312C /* ofxEasingElastic.h in Sources */,
				E70F499E18152BF7000E312C /* ofxEasingExpo.cpp in Sources */,
				E70F499F18152BF7000E312C /* ofxEasingExpo.h in Sources */,
				E72E5AC2183631F4006324DE /* ofxTimer.cpp in Sources */,
				E70F49A018152BF7000E312C /* ofxEasingLinear.cpp in Sources */,
				E70F49A118152BF7000E312C /* ofxEasingLinear.h in Sources */,
				E72E5ABD18362F7F006324DE /* Alert.cpp in Sources */,
				E70F49A218152BF7000E312C /* ofxEasingQuad.cpp in Sources */,
				E70F49A318152BF7000E312C /* ofxEasingQuad.h in Sources */,
				E70F49A418152BF7000E312C /* ofxEasingQuart.cpp in Sources */,
				E70F49A518152BF7000E312C /* ofxEasingQuart.h in Sources */,
				E70F49A618152BF7000E312C /* ofxEasingQuint.cpp in Sources */,
				E70F49A718152BF7000E312C /* ofxEasingQuint.h in Sources */,
				E70F49A818152BF7000E312C /* ofxEasingSine.cpp in Sources */,
				E7ED6CAE1818274E005F690A /* AnimationPickerGui.cpp in Sources */,
				E70F49A918152BF7000E312C /* ofxEasingSine.h in Sources */,
				E791E7B3182A46D5006EA408 /* EffectSoundReactive.cpp in Sources */,
				E70F49AA18152BF7000E312C /* ofxTween.cpp in Sources */,
				E70F49AB18152BF7000E312C /* ofxTween.h in Sources */,
				E7DCC7B3183A7F6900FD209E /* TweenableColor.cpp in Sources */,
				E70F494818117962000E312C /* ofxModifierKeys_impl_mac.mm in Sources */,
				E7D7E318182908220051A235 /* DMXManager.cpp in Sources */,
				E75AD45A1829504A0023EC25 /* EffectStrob.cpp in Sources */,
				E7E46D04180ECB3500220F7C /* SceneObject.cpp in Sources */,
				E70F48CB181020CB000E312C /* DataManager.cpp in Sources */,
				E70F494718117962000E312C /* ofxModifierKeys_impl_linux.cpp in Sources */,
				E7ED6CA71817C8EA005F690A /* Animator.cpp in Sources */,
				E70F49B818156111000E312C /* EditorGui.cpp in Sources */,
				E768351E180E96D500709A0A /* fft.cpp in Sources */,
				E70F48C718101610000E312C /* ConfigGui.cpp in Sources */,
				E7AF153F1846274F00B23751 /* AutomaticMode.cpp in Sources */,
				E768351F180E96D500709A0A /* fft.h in Sources */,
				E7683520180E96D500709A0A /* fftOctaveAnalyzer.cpp in Sources */,
				E7683528180E976700709A0A /* Globals.cpp in Sources */,
				E7ED6CAA1817E433005F690A /* SceneManager.cpp in Sources */,
				E7683521180E96D500709A0A /* fftOctaveAnalyzer.h in Sources */,
				E783F3AE1815736400CFF43E /* EditorInspectorGui.cpp in Sources */,
				E7E46D83180EFD4500220F7C /* InteractiveSceneObject.cpp in Sources */,
				E70F48BE180FEBDF000E312C /* LiveGui.cpp in Sources */,
				E70F49B2181556FA000E312C /* AnimationDataObject.cpp in Sources */,
				E7F314AC183FA7FF007772A2 /* FboMerger.cpp in Sources */,
				E7E46D80180EE8FF00220F7C /* ofxSosoRenderer.cpp in Sources */,
				E7683522180E96D500709A0A /* ofxEQ.cpp in Sources */,
				E7E46D01180ECA1A00220F7C /* Scene.cpp in Sources */,
				E75AD45718294FB70023EC25 /* AbstractEffect.cpp in Sources */,
				E7E46D07180ECC5A00220F7C /* GridObject.cpp in Sources */,
				E72E5AC518365EF1006324DE /* ColorDataObject.cpp in Sources */,
				E747B4CD1834D41F00AFCAB8 /* ofxHttpUtils.cpp in Sources */,
				E7683523180E96D500709A0A /* ofxEQ.h in Sources */,
				E7683524180E96D500709A0A /* ofxSoundManager.cpp in Sources */,
				E70F48BB180FEB7C000E312C /* InspectorGui.cpp in Sources */,
				E7683525180E96D500709A0A /* ofxSoundManager.h in Sources */,
				E4B69E200A3A1BDC003C02F2 /* main.cpp in Sources */,
				E4B69E210A3A1BDC003C02F2 /* testApp.cpp in Sources */,
				63B57AC5BF4EF088491E0317 /* ofxXmlSettings.cpp in Sources */,
				E7E46D0A180ED24400220F7C /* LightObject.cpp in Sources */,
				933A2227713C720CEFF80FD9 /* tinyxml.cpp in Sources */,
				9D44DC88EF9E7991B4A09951 /* tinyxmlerror.cpp in Sources */,
				E7CD0A951822C08000640551 /* ColorManager.cpp in Sources */,
				5A4349E9754D6FA14C0F2A3A /* tinyxmlparser.cpp in Sources */,
				E70F494918117962000E312C /* ofxModifierKeys_impl_win.cpp in Sources */,
				8BCF02B826253856D7DCF4D1 /* ofxDmx.cpp in Sources */,
				E72E5ABA18362F74006324DE /* AlertManager.cpp in Sources */,
				E76834FE180E921F00709A0A /* GuiManager.cpp in Sources */,
			);
			runOnlyForDeploymentPostprocessing = 0;
		};
/* End PBXSourcesBuildPhase section */

/* Begin PBXTargetDependency section */
		E4EEB9AC138B136A00A80321 /* PBXTargetDependency */ = {
			isa = PBXTargetDependency;
			name = openFrameworks;
			targetProxy = E4EEB9AB138B136A00A80321 /* PBXContainerItemProxy */;
		};
/* End PBXTargetDependency section */

/* Begin XCBuildConfiguration section */
		E4B69B4E0A3A1720003C02F2 /* Debug */ = {
			isa = XCBuildConfiguration;
			baseConfigurationReference = E4EB6923138AFD0F00A09F29 /* Project.xcconfig */;
			buildSettings = {
				ARCHS = "$(NATIVE_ARCH)";
				CONFIGURATION_BUILD_DIR = "$(SRCROOT)/bin/";
				COPY_PHASE_STRIP = NO;
				DEAD_CODE_STRIPPING = YES;
				GCC_AUTO_VECTORIZATION = YES;
				GCC_ENABLE_SSE3_EXTENSIONS = YES;
				GCC_ENABLE_SUPPLEMENTAL_SSE3_INSTRUCTIONS = YES;
				GCC_INLINES_ARE_PRIVATE_EXTERN = NO;
				GCC_OPTIMIZATION_LEVEL = 0;
				GCC_SYMBOLS_PRIVATE_EXTERN = NO;
				GCC_WARN_ABOUT_DEPRECATED_FUNCTIONS = YES;
				GCC_WARN_ABOUT_INVALID_OFFSETOF_MACRO = NO;
				GCC_WARN_ALLOW_INCOMPLETE_PROTOCOL = NO;
				GCC_WARN_UNINITIALIZED_AUTOS = NO;
				GCC_WARN_UNUSED_VALUE = NO;
				GCC_WARN_UNUSED_VARIABLE = NO;
				HEADER_SEARCH_PATHS = (
					"$(OF_CORE_HEADERS)",
					../../../addons/ofxXmlSettings/libs,
					../../../addons/ofxXmlSettings/src,
					../../../addons/ofxDmx/libs,
					../../../addons/ofxDmx/src,
					../../../addons/ofxSoundManager/libs,
					../../../addons/ofxSoundManager/src,
					"../../../addons/ofxUI-master/libs",
					"../../../addons/ofxUI-master/src",
				);
				MACOSX_DEPLOYMENT_TARGET = 10.8;
				OTHER_CPLUSPLUSFLAGS = (
					"-D__MACOSX_CORE__",
					"-lpthread",
					"-mtune=native",
				);
				SDKROOT = macosx;
			};
			name = Debug;
		};
		E4B69B4F0A3A1720003C02F2 /* Release */ = {
			isa = XCBuildConfiguration;
			baseConfigurationReference = E4EB6923138AFD0F00A09F29 /* Project.xcconfig */;
			buildSettings = {
				ARCHS = "$(NATIVE_ARCH)";
				CONFIGURATION_BUILD_DIR = "$(SRCROOT)/bin/";
				COPY_PHASE_STRIP = YES;
				DEAD_CODE_STRIPPING = YES;
				GCC_AUTO_VECTORIZATION = YES;
				GCC_ENABLE_SSE3_EXTENSIONS = YES;
				GCC_ENABLE_SUPPLEMENTAL_SSE3_INSTRUCTIONS = YES;
				GCC_INLINES_ARE_PRIVATE_EXTERN = NO;
				GCC_OPTIMIZATION_LEVEL = 3;
				GCC_SYMBOLS_PRIVATE_EXTERN = NO;
				GCC_UNROLL_LOOPS = YES;
				GCC_WARN_ABOUT_DEPRECATED_FUNCTIONS = YES;
				GCC_WARN_ABOUT_INVALID_OFFSETOF_MACRO = NO;
				GCC_WARN_ALLOW_INCOMPLETE_PROTOCOL = NO;
				GCC_WARN_UNINITIALIZED_AUTOS = NO;
				GCC_WARN_UNUSED_VALUE = NO;
				GCC_WARN_UNUSED_VARIABLE = NO;
				HEADER_SEARCH_PATHS = (
					"$(OF_CORE_HEADERS)",
					../../../addons/ofxXmlSettings/libs,
					../../../addons/ofxXmlSettings/src,
					../../../addons/ofxDmx/libs,
					../../../addons/ofxDmx/src,
					../../../addons/ofxSoundManager/libs,
					../../../addons/ofxSoundManager/src,
					"../../../addons/ofxUI-master/libs",
					"../../../addons/ofxUI-master/src",
				);
				MACOSX_DEPLOYMENT_TARGET = 10.8;
				OTHER_CPLUSPLUSFLAGS = (
					"-D__MACOSX_CORE__",
					"-lpthread",
					"-mtune=native",
				);
				SDKROOT = macosx;
			};
			name = Release;
		};
		E4B69B600A3A1757003C02F2 /* Debug */ = {
			isa = XCBuildConfiguration;
			buildSettings = {
				COMBINE_HIDPI_IMAGES = YES;
				COPY_PHASE_STRIP = NO;
				FRAMEWORK_SEARCH_PATHS = (
					"$(inherited)",
					"$(FRAMEWORK_SEARCH_PATHS_QUOTED_FOR_TARGET_1)",
				);
				FRAMEWORK_SEARCH_PATHS_QUOTED_FOR_TARGET_1 = "\"$(SRCROOT)/../../../libs/glut/lib/osx\"";
				GCC_DYNAMIC_NO_PIC = NO;
				GCC_GENERATE_DEBUGGING_SYMBOLS = YES;
				GCC_MODEL_TUNING = NONE;
				ICON = "$(ICON_NAME_DEBUG)";
				ICON_FILE = "$(ICON_FILE_PATH)$(ICON)";
				INFOPLIST_FILE = "openFrameworks-Info.plist";
				INSTALL_PATH = "$(HOME)/Applications";
				LIBRARY_SEARCH_PATHS = (
					"$(inherited)",
					"$(LIBRARY_SEARCH_PATHS_QUOTED_FOR_TARGET_1)",
					"$(LIBRARY_SEARCH_PATHS_QUOTED_FOR_TARGET_2)",
					"$(LIBRARY_SEARCH_PATHS_QUOTED_FOR_TARGET_3)",
					"$(LIBRARY_SEARCH_PATHS_QUOTED_FOR_TARGET_4)",
					"$(LIBRARY_SEARCH_PATHS_QUOTED_FOR_TARGET_5)",
					"$(LIBRARY_SEARCH_PATHS_QUOTED_FOR_TARGET_6)",
					"$(LIBRARY_SEARCH_PATHS_QUOTED_FOR_TARGET_7)",
					"$(LIBRARY_SEARCH_PATHS_QUOTED_FOR_TARGET_8)",
					"$(LIBRARY_SEARCH_PATHS_QUOTED_FOR_TARGET_9)",
					"$(LIBRARY_SEARCH_PATHS_QUOTED_FOR_TARGET_10)",
					"$(LIBRARY_SEARCH_PATHS_QUOTED_FOR_TARGET_11)",
					"$(LIBRARY_SEARCH_PATHS_QUOTED_FOR_TARGET_12)",
					"$(LIBRARY_SEARCH_PATHS_QUOTED_FOR_TARGET_13)",
					"$(LIBRARY_SEARCH_PATHS_QUOTED_FOR_TARGET_14)",
					"$(LIBRARY_SEARCH_PATHS_QUOTED_FOR_TARGET_15)",
					"$(LIBRARY_SEARCH_PATHS_QUOTED_FOR_TARGET_2)",
					"$(LIBRARY_SEARCH_PATHS_QUOTED_FOR_TARGET_3)",
					"$(LIBRARY_SEARCH_PATHS_QUOTED_FOR_TARGET_7)",
					"$(LIBRARY_SEARCH_PATHS_QUOTED_FOR_TARGET_8)",
					"$(LIBRARY_SEARCH_PATHS_QUOTED_FOR_TARGET_9)",
					"$(LIBRARY_SEARCH_PATHS_QUOTED_FOR_TARGET_10)",
					"$(LIBRARY_SEARCH_PATHS_QUOTED_FOR_TARGET_11)",
					"$(LIBRARY_SEARCH_PATHS_QUOTED_FOR_TARGET_12)",
					"$(LIBRARY_SEARCH_PATHS_QUOTED_FOR_TARGET_13)",
					"$(LIBRARY_SEARCH_PATHS_QUOTED_FOR_TARGET_16)",
					"$(LIBRARY_SEARCH_PATHS_QUOTED_FOR_TARGET_17)",
					"$(LIBRARY_SEARCH_PATHS_QUOTED_FOR_TARGET_18)",
					"$(LIBRARY_SEARCH_PATHS_QUOTED_FOR_TARGET_19)",
					"$(LIBRARY_SEARCH_PATHS_QUOTED_FOR_TARGET_20)",
					"$(LIBRARY_SEARCH_PATHS_QUOTED_FOR_TARGET_21)",
					"$(LIBRARY_SEARCH_PATHS_QUOTED_FOR_TARGET_22)",
					"$(LIBRARY_SEARCH_PATHS_QUOTED_FOR_TARGET_23)",
					"$(LIBRARY_SEARCH_PATHS_QUOTED_FOR_TARGET_24)",
					"$(LIBRARY_SEARCH_PATHS_QUOTED_FOR_TARGET_25)",
					"$(LIBRARY_SEARCH_PATHS_QUOTED_FOR_TARGET_26)",
					"$(LIBRARY_SEARCH_PATHS_QUOTED_FOR_TARGET_27)",
					"$(LIBRARY_SEARCH_PATHS_QUOTED_FOR_TARGET_28)",
					"$(LIBRARY_SEARCH_PATHS_QUOTED_FOR_TARGET_29)",
					"$(LIBRARY_SEARCH_PATHS_QUOTED_FOR_TARGET_30)",
					"$(LIBRARY_SEARCH_PATHS_QUOTED_FOR_TARGET_31)",
					"$(LIBRARY_SEARCH_PATHS_QUOTED_FOR_TARGET_32)",
					"$(LIBRARY_SEARCH_PATHS_QUOTED_FOR_TARGET_33)",
					"$(LIBRARY_SEARCH_PATHS_QUOTED_FOR_TARGET_34)",
					"$(LIBRARY_SEARCH_PATHS_QUOTED_FOR_TARGET_35)",
					"$(LIBRARY_SEARCH_PATHS_QUOTED_FOR_TARGET_36)",
					"$(LIBRARY_SEARCH_PATHS_QUOTED_FOR_TARGET_37)",
					"$(LIBRARY_SEARCH_PATHS_QUOTED_FOR_TARGET_38)",
					"$(LIBRARY_SEARCH_PATHS_QUOTED_FOR_TARGET_39)",
					"$(LIBRARY_SEARCH_PATHS_QUOTED_FOR_TARGET_40)",
					"$(LIBRARY_SEARCH_PATHS_QUOTED_FOR_TARGET_41)",
					"$(LIBRARY_SEARCH_PATHS_QUOTED_FOR_TARGET_42)",
					"$(LIBRARY_SEARCH_PATHS_QUOTED_FOR_TARGET_43)",
					"$(LIBRARY_SEARCH_PATHS_QUOTED_FOR_TARGET_44)",
					"$(LIBRARY_SEARCH_PATHS_QUOTED_FOR_TARGET_45)",
					"$(LIBRARY_SEARCH_PATHS_QUOTED_FOR_TARGET_46)",
					"$(LIBRARY_SEARCH_PATHS_QUOTED_FOR_TARGET_47)",
					"$(LIBRARY_SEARCH_PATHS_QUOTED_FOR_TARGET_48)",
					"$(LIBRARY_SEARCH_PATHS_QUOTED_FOR_TARGET_49)",
					"$(LIBRARY_SEARCH_PATHS_QUOTED_FOR_TARGET_50)",
					"$(LIBRARY_SEARCH_PATHS_QUOTED_FOR_TARGET_51)",
					"$(LIBRARY_SEARCH_PATHS_QUOTED_FOR_TARGET_52)",
				);
				PRODUCT_NAME = "$(TARGET_NAME)Debug";
				WRAPPER_EXTENSION = app;
			};
			name = Debug;
		};
		E4B69B610A3A1757003C02F2 /* Release */ = {
			isa = XCBuildConfiguration;
			buildSettings = {
				COMBINE_HIDPI_IMAGES = YES;
				COPY_PHASE_STRIP = YES;
				FRAMEWORK_SEARCH_PATHS = (
					"$(inherited)",
					"$(FRAMEWORK_SEARCH_PATHS_QUOTED_FOR_TARGET_1)",
				);
				FRAMEWORK_SEARCH_PATHS_QUOTED_FOR_TARGET_1 = "\"$(SRCROOT)/../../../libs/glut/lib/osx\"";
				GCC_GENERATE_DEBUGGING_SYMBOLS = YES;
				GCC_MODEL_TUNING = NONE;
				ICON = "$(ICON_NAME_RELEASE)";
				ICON_FILE = "$(ICON_FILE_PATH)$(ICON)";
				INFOPLIST_FILE = "openFrameworks-Info.plist";
				INSTALL_PATH = "$(HOME)/Applications";
				LIBRARY_SEARCH_PATHS = (
					"$(inherited)",
					"$(LIBRARY_SEARCH_PATHS_QUOTED_FOR_TARGET_1)",
					"$(LIBRARY_SEARCH_PATHS_QUOTED_FOR_TARGET_2)",
					"$(LIBRARY_SEARCH_PATHS_QUOTED_FOR_TARGET_3)",
					"$(LIBRARY_SEARCH_PATHS_QUOTED_FOR_TARGET_4)",
					"$(LIBRARY_SEARCH_PATHS_QUOTED_FOR_TARGET_5)",
					"$(LIBRARY_SEARCH_PATHS_QUOTED_FOR_TARGET_6)",
					"$(LIBRARY_SEARCH_PATHS_QUOTED_FOR_TARGET_7)",
					"$(LIBRARY_SEARCH_PATHS_QUOTED_FOR_TARGET_8)",
					"$(LIBRARY_SEARCH_PATHS_QUOTED_FOR_TARGET_9)",
					"$(LIBRARY_SEARCH_PATHS_QUOTED_FOR_TARGET_10)",
					"$(LIBRARY_SEARCH_PATHS_QUOTED_FOR_TARGET_11)",
					"$(LIBRARY_SEARCH_PATHS_QUOTED_FOR_TARGET_12)",
					"$(LIBRARY_SEARCH_PATHS_QUOTED_FOR_TARGET_13)",
					"$(LIBRARY_SEARCH_PATHS_QUOTED_FOR_TARGET_14)",
					"$(LIBRARY_SEARCH_PATHS_QUOTED_FOR_TARGET_15)",
					"$(LIBRARY_SEARCH_PATHS_QUOTED_FOR_TARGET_2)",
					"$(LIBRARY_SEARCH_PATHS_QUOTED_1)",
					"$(LIBRARY_SEARCH_PATHS_QUOTED_FOR_TARGET_3)",
					"$(LIBRARY_SEARCH_PATHS_QUOTED_FOR_TARGET_7)",
					"$(LIBRARY_SEARCH_PATHS_QUOTED_FOR_TARGET_8)",
					"$(LIBRARY_SEARCH_PATHS_QUOTED_FOR_TARGET_9)",
					"$(LIBRARY_SEARCH_PATHS_QUOTED_FOR_TARGET_10)",
					"$(LIBRARY_SEARCH_PATHS_QUOTED_FOR_TARGET_11)",
					"$(LIBRARY_SEARCH_PATHS_QUOTED_FOR_TARGET_12)",
					"$(LIBRARY_SEARCH_PATHS_QUOTED_FOR_TARGET_13)",
					"$(LIBRARY_SEARCH_PATHS_QUOTED_FOR_TARGET_16)",
					"$(LIBRARY_SEARCH_PATHS_QUOTED_FOR_TARGET_17)",
					"$(LIBRARY_SEARCH_PATHS_QUOTED_FOR_TARGET_18)",
					"$(LIBRARY_SEARCH_PATHS_QUOTED_FOR_TARGET_19)",
					"$(LIBRARY_SEARCH_PATHS_QUOTED_FOR_TARGET_20)",
					"$(LIBRARY_SEARCH_PATHS_QUOTED_FOR_TARGET_21)",
					"$(LIBRARY_SEARCH_PATHS_QUOTED_FOR_TARGET_22)",
					"$(LIBRARY_SEARCH_PATHS_QUOTED_FOR_TARGET_23)",
					"$(LIBRARY_SEARCH_PATHS_QUOTED_FOR_TARGET_24)",
					"$(LIBRARY_SEARCH_PATHS_QUOTED_FOR_TARGET_25)",
					"$(LIBRARY_SEARCH_PATHS_QUOTED_FOR_TARGET_26)",
					"$(LIBRARY_SEARCH_PATHS_QUOTED_FOR_TARGET_27)",
					"$(LIBRARY_SEARCH_PATHS_QUOTED_FOR_TARGET_28)",
					"$(LIBRARY_SEARCH_PATHS_QUOTED_FOR_TARGET_29)",
					"$(LIBRARY_SEARCH_PATHS_QUOTED_FOR_TARGET_30)",
					"$(LIBRARY_SEARCH_PATHS_QUOTED_FOR_TARGET_31)",
					"$(LIBRARY_SEARCH_PATHS_QUOTED_FOR_TARGET_32)",
					"$(LIBRARY_SEARCH_PATHS_QUOTED_FOR_TARGET_33)",
					"$(LIBRARY_SEARCH_PATHS_QUOTED_FOR_TARGET_34)",
					"$(LIBRARY_SEARCH_PATHS_QUOTED_FOR_TARGET_35)",
					"$(LIBRARY_SEARCH_PATHS_QUOTED_FOR_TARGET_36)",
					"$(LIBRARY_SEARCH_PATHS_QUOTED_FOR_TARGET_37)",
					"$(LIBRARY_SEARCH_PATHS_QUOTED_FOR_TARGET_38)",
					"$(LIBRARY_SEARCH_PATHS_QUOTED_FOR_TARGET_39)",
					"$(LIBRARY_SEARCH_PATHS_QUOTED_FOR_TARGET_40)",
					"$(LIBRARY_SEARCH_PATHS_QUOTED_FOR_TARGET_41)",
					"$(LIBRARY_SEARCH_PATHS_QUOTED_FOR_TARGET_42)",
					"$(LIBRARY_SEARCH_PATHS_QUOTED_FOR_TARGET_43)",
					"$(LIBRARY_SEARCH_PATHS_QUOTED_FOR_TARGET_44)",
					"$(LIBRARY_SEARCH_PATHS_QUOTED_FOR_TARGET_45)",
					"$(LIBRARY_SEARCH_PATHS_QUOTED_FOR_TARGET_46)",
					"$(LIBRARY_SEARCH_PATHS_QUOTED_FOR_TARGET_47)",
					"$(LIBRARY_SEARCH_PATHS_QUOTED_FOR_TARGET_48)",
					"$(LIBRARY_SEARCH_PATHS_QUOTED_FOR_TARGET_49)",
					"$(LIBRARY_SEARCH_PATHS_QUOTED_FOR_TARGET_50)",
					"$(LIBRARY_SEARCH_PATHS_QUOTED_FOR_TARGET_51)",
				);
				PRODUCT_NAME = "$(TARGET_NAME)";
				WRAPPER_EXTENSION = app;
			};
			name = Release;
		};
/* End XCBuildConfiguration section */

/* Begin XCConfigurationList section */
		E4B69B4D0A3A1720003C02F2 /* Build configuration list for PBXProject "Sucre" */ = {
			isa = XCConfigurationList;
			buildConfigurations = (
				E4B69B4E0A3A1720003C02F2 /* Debug */,
				E4B69B4F0A3A1720003C02F2 /* Release */,
			);
			defaultConfigurationIsVisible = 0;
			defaultConfigurationName = Release;
		};
		E4B69B5F0A3A1757003C02F2 /* Build configuration list for PBXNativeTarget "Sucre" */ = {
			isa = XCConfigurationList;
			buildConfigurations = (
				E4B69B600A3A1757003C02F2 /* Debug */,
				E4B69B610A3A1757003C02F2 /* Release */,
			);
			defaultConfigurationIsVisible = 0;
			defaultConfigurationName = Release;
		};
/* End XCConfigurationList section */
	};
	rootObject = E4B69B4C0A3A1720003C02F2 /* Project object */;
}
